version = 1
requires-python = ">=3.10"

[[package]]
name = "grpcio"
version = "1.66.1"
source = { registry = "https://pypi.org/simple" }
sdist = { url = "https://files.pythonhosted.org/packages/e7/42/94293200e40480d79fc876b2330e7dffb20f959b390afa77c0dbaa0c8372/grpcio-1.66.1.tar.gz", hash = "sha256:35334f9c9745add3e357e3372756fd32d925bd52c41da97f4dfdafbde0bf0ee2", size = 12326405 }
wheels = [
    { url = "https://files.pythonhosted.org/packages/9a/9a/95640ac9a29fdfb40bc6ad2f2a33710e55c1adbda831712254d96530e990/grpcio-1.66.1-cp310-cp310-linux_armv7l.whl", hash = "sha256:4877ba180591acdf127afe21ec1c7ff8a5ecf0fe2600f0d3c50e8c4a1cbc6492", size = 4969896 },
    { url = "https://files.pythonhosted.org/packages/7a/63/c16a70596438de9bc62c2e7c61ad7a82d9290b7545e61278dae7a0db753f/grpcio-1.66.1-cp310-cp310-macosx_12_0_universal2.whl", hash = "sha256:3750c5a00bd644c75f4507f77a804d0189d97a107eb1481945a0cf3af3e7a5ac", size = 10586680 },
    { url = "https://files.pythonhosted.org/packages/2a/d5/2a3567aace955a561e0eef9b79bd187acad8949a0fca5d1470f36c1e60c7/grpcio-1.66.1-cp310-cp310-manylinux_2_17_aarch64.whl", hash = "sha256:a013c5fbb12bfb5f927444b477a26f1080755a931d5d362e6a9a720ca7dbae60", size = 5483551 },
    { url = "https://files.pythonhosted.org/packages/c1/c1/3ee60d4e425f36b47c6e0f559aa40d6d0012586cffda165346157542a504/grpcio-1.66.1-cp310-cp310-manylinux_2_17_i686.manylinux2014_i686.whl", hash = "sha256:b1b24c23d51a1e8790b25514157d43f0a4dce1ac12b3f0b8e9f66a5e2c4c132f", size = 6088989 },
    { url = "https://files.pythonhosted.org/packages/e4/6d/ee10b1bbe8b1744b6e8570e313ec873a13874494c1663a0b8260a6115913/grpcio-1.66.1-cp310-cp310-manylinux_2_17_x86_64.manylinux2014_x86_64.whl", hash = "sha256:b7ffb8ea674d68de4cac6f57d2498fef477cef582f1fa849e9f844863af50083", size = 5733760 },
    { url = "https://files.pythonhosted.org/packages/79/31/9058f0f819828807e8503d17fb3ded21702b38b3e32a1552f76e0d59ff27/grpcio-1.66.1-cp310-cp310-musllinux_1_1_i686.whl", hash = "sha256:307b1d538140f19ccbd3aed7a93d8f71103c5d525f3c96f8616111614b14bf2a", size = 6404001 },
    { url = "https://files.pythonhosted.org/packages/a6/0b/9b74b1ee3e18c9ba4751f02e30165c6f16dcc5665634bc0d689cbb5ed05f/grpcio-1.66.1-cp310-cp310-musllinux_1_1_x86_64.whl", hash = "sha256:1c17ebcec157cfb8dd445890a03e20caf6209a5bd4ac5b040ae9dbc59eef091d", size = 5990244 },
    { url = "https://files.pythonhosted.org/packages/52/0e/775f74401a5b6924e4976549a6f7d2ef4c0fa09340e2738ec46d0e4dff61/grpcio-1.66.1-cp310-cp310-win32.whl", hash = "sha256:ef82d361ed5849d34cf09105d00b94b6728d289d6b9235513cb2fcc79f7c432c", size = 3554349 },
    { url = "https://files.pythonhosted.org/packages/f3/72/6046088fa273d2c4fe72009d2411d5ccd053017014b1197c4881ead3ee70/grpcio-1.66.1-cp310-cp310-win_amd64.whl", hash = "sha256:292a846b92cdcd40ecca46e694997dd6b9be6c4c01a94a0dfb3fcb75d20da858", size = 4288627 },
    { url = "https://files.pythonhosted.org/packages/22/8a/15d758ce27c82ba4760b9e221e153db02e4a7acd71dcdd7d5f8d3ad83630/grpcio-1.66.1-cp311-cp311-linux_armv7l.whl", hash = "sha256:c30aeceeaff11cd5ddbc348f37c58bcb96da8d5aa93fed78ab329de5f37a0d7a", size = 4978160 },
    { url = "https://files.pythonhosted.org/packages/0f/45/9d666f5b447cad3762cca22c8a805677a11976d8a2c82484659d96a31937/grpcio-1.66.1-cp311-cp311-macosx_10_9_universal2.whl", hash = "sha256:8a1e224ce6f740dbb6b24c58f885422deebd7eb724aff0671a847f8951857c26", size = 10620579 },
    { url = "https://files.pythonhosted.org/packages/12/3f/c5e30952a37e9ad266ff7f11c806be1c33253e9daa97e8265f53f10a0b15/grpcio-1.66.1-cp311-cp311-manylinux_2_17_aarch64.whl", hash = "sha256:a66fe4dc35d2330c185cfbb42959f57ad36f257e0cc4557d11d9f0a3f14311df", size = 5487691 },
    { url = "https://files.pythonhosted.org/packages/09/9c/d4f0c4c7a9fcdc140701c1b2b4c45d0de293380461ecaa7df76d8b5d8b03/grpcio-1.66.1-cp311-cp311-manylinux_2_17_i686.manylinux2014_i686.whl", hash = "sha256:e3ba04659e4fce609de2658fe4dbf7d6ed21987a94460f5f92df7579fd5d0e22", size = 6089513 },
    { url = "https://files.pythonhosted.org/packages/ab/2d/02890f309feabe9255a406700096e08a0a2b9ed20ab43e86b6e633517b0d/grpcio-1.66.1-cp311-cp311-manylinux_2_17_x86_64.manylinux2014_x86_64.whl", hash = "sha256:4573608e23f7e091acfbe3e84ac2045680b69751d8d67685ffa193a4429fedb1", size = 5732315 },
    { url = "https://files.pythonhosted.org/packages/ea/3a/2040ce42a03b163768e43966e02d9c88b2dcb0f28cb611d976b8d68d3835/grpcio-1.66.1-cp311-cp311-musllinux_1_1_i686.whl", hash = "sha256:7e06aa1f764ec8265b19d8f00140b8c4b6ca179a6dc67aa9413867c47e1fb04e", size = 6407861 },
    { url = "https://files.pythonhosted.org/packages/e9/9a/fba2ed0ade08b4c8b5e2456269ddf73a5abbfe9407f9e6bd85d92efb4c9d/grpcio-1.66.1-cp311-cp311-musllinux_1_1_x86_64.whl", hash = "sha256:3885f037eb11f1cacc41f207b705f38a44b69478086f40608959bf5ad85826dd", size = 5990083 },
    { url = "https://files.pythonhosted.org/packages/02/7b/7aabc0cf5b8bbe74226cbf4f948d4aa66df0b29095eea44ea465a1b01f13/grpcio-1.66.1-cp311-cp311-win32.whl", hash = "sha256:97ae7edd3f3f91480e48ede5d3e7d431ad6005bfdbd65c1b56913799ec79e791", size = 3555811 },
    { url = "https://files.pythonhosted.org/packages/45/86/cc31ad1578abd322c403b7425e6b50eb8a48a8f96c2e558dacd0ef472dc1/grpcio-1.66.1-cp311-cp311-win_amd64.whl", hash = "sha256:cfd349de4158d797db2bd82d2020554a121674e98fbe6b15328456b3bf2495bb", size = 4290747 },
    { url = "https://files.pythonhosted.org/packages/25/31/fa15c10757a8703332d9f9eff2ab676e8f8807e8636c01b965a37f806ded/grpcio-1.66.1-cp312-cp312-linux_armv7l.whl", hash = "sha256:a92c4f58c01c77205df6ff999faa008540475c39b835277fb8883b11cada127a", size = 4912090 },
    { url = "https://files.pythonhosted.org/packages/31/3f/09f796724b44b625e4d294f6df8ab0bb63b4709664bd574ea97a8c0d6159/grpcio-1.66.1-cp312-cp312-macosx_10_9_universal2.whl", hash = "sha256:fdb14bad0835914f325349ed34a51940bc2ad965142eb3090081593c6e347be9", size = 10579733 },
    { url = "https://files.pythonhosted.org/packages/bc/d5/15c5934ac3550f682b04753e5481eca18a3710b220e16d3345a7e6f7c9f6/grpcio-1.66.1-cp312-cp312-manylinux_2_17_aarch64.whl", hash = "sha256:f03a5884c56256e08fd9e262e11b5cfacf1af96e2ce78dc095d2c41ccae2c80d", size = 5421092 },
    { url = "https://files.pythonhosted.org/packages/fa/77/f8ab8d436373ad09e1f8f50bf759b4afc8ad1bc121e5cf7dedd8507a4b63/grpcio-1.66.1-cp312-cp312-manylinux_2_17_i686.manylinux2014_i686.whl", hash = "sha256:2ca2559692d8e7e245d456877a85ee41525f3ed425aa97eb7a70fc9a79df91a0", size = 6028550 },
    { url = "https://files.pythonhosted.org/packages/1d/6c/a813a5b6d716cbc5cc3e496b186b6878816bf5f32aa7f7ae5f9d8dc5e669/grpcio-1.66.1-cp312-cp312-manylinux_2_17_x86_64.manylinux2014_x86_64.whl", hash = "sha256:84ca1be089fb4446490dd1135828bd42a7c7f8421e74fa581611f7afdf7ab761", size = 5672550 },
    { url = "https://files.pythonhosted.org/packages/a0/72/06962e2891fe3846a9dc61547d8ef35151b8976a083187e6647e65306c45/grpcio-1.66.1-cp312-cp312-musllinux_1_1_i686.whl", hash = "sha256:d639c939ad7c440c7b2819a28d559179a4508783f7e5b991166f8d7a34b52815", size = 6354719 },
    { url = "https://files.pythonhosted.org/packages/43/10/4db87a953a3f3c73a8284e176556b6eca33496b8ffaa93107f37f772148e/grpcio-1.66.1-cp312-cp312-musllinux_1_1_x86_64.whl", hash = "sha256:b9feb4e5ec8dc2d15709f4d5fc367794d69277f5d680baf1910fc9915c633524", size = 5933351 },
    { url = "https://files.pythonhosted.org/packages/47/c7/f1fdd77bbe1c6459777a2d604228cc80124373e75d775c2a019755c29182/grpcio-1.66.1-cp312-cp312-win32.whl", hash = "sha256:7101db1bd4cd9b880294dec41a93fcdce465bdbb602cd8dc5bd2d6362b618759", size = 3538005 },
    { url = "https://files.pythonhosted.org/packages/66/2b/a6e68d7ea6f4fbc31cce20e354d6cef484da0a9891ee6a3eaf3aa9659d01/grpcio-1.66.1-cp312-cp312-win_amd64.whl", hash = "sha256:b0aa03d240b5539648d996cc60438f128c7f46050989e35b25f5c18286c86734", size = 4275565 },
]

[[package]]
name = "kachaka-api"
version = "3.6.6"
source = { virtual = "." }
dependencies = [
    { name = "grpcio" },
    { name = "numpy" },
    { name = "protobuf" },
]

[package.metadata]
requires-dist = [
    { name = "grpcio", specifier = "==1.66.1" },
    { name = "numpy", specifier = ">=2.2.0" },
    { name = "protobuf", specifier = ">=5.27.2" },
]

[[package]]
name = "numpy"
version = "2.2.0"
source = { registry = "https://pypi.org/simple" }
sdist = { url = "https://files.pythonhosted.org/packages/47/1b/1d565e0f6e156e1522ab564176b8b29d71e13d8caf003a08768df3d5cec5/numpy-2.2.0.tar.gz", hash = "sha256:140dd80ff8981a583a60980be1a655068f8adebf7a45a06a6858c873fcdcd4a0", size = 20225497 }
wheels = [
    { url = "https://files.pythonhosted.org/packages/c7/81/3882353e097204fe4d7a5fe026b694b0104b78f930c969faadeed1538e00/numpy-2.2.0-cp310-cp310-macosx_10_9_x86_64.whl", hash = "sha256:1e25507d85da11ff5066269d0bd25d06e0a0f2e908415534f3e603d2a78e4ffa", size = 21212476 },
    { url = "https://files.pythonhosted.org/packages/2c/64/5577dc71240272749e07fcacb47c0f29e31ba4fbd1613fefbd1aa88efc29/numpy-2.2.0-cp310-cp310-macosx_11_0_arm64.whl", hash = "sha256:a62eb442011776e4036af5c8b1a00b706c5bc02dc15eb5344b0c750428c94219", size = 14351441 },
    { url = "https://files.pythonhosted.org/packages/c9/43/850c040481c19c1c2289203a606df1a202eeb3aa81440624bac891024f83/numpy-2.2.0-cp310-cp310-macosx_14_0_arm64.whl", hash = "sha256:b606b1aaf802e6468c2608c65ff7ece53eae1a6874b3765f69b8ceb20c5fa78e", size = 5390304 },
    { url = "https://files.pythonhosted.org/packages/73/96/a4c8a86300dbafc7e4f44d8986f8b64950b7f4640a2dc5c91e036afe28c6/numpy-2.2.0-cp310-cp310-macosx_14_0_x86_64.whl", hash = "sha256:36b2b43146f646642b425dd2027730f99bac962618ec2052932157e213a040e9", size = 6925476 },
    { url = "https://files.pythonhosted.org/packages/0c/0a/22129c3107c4fb237f97876df4399a5c3a83f3d95f86e0353ae6fbbd202f/numpy-2.2.0-cp310-cp310-manylinux_2_17_aarch64.manylinux2014_aarch64.whl", hash = "sha256:7fe8f3583e0607ad4e43a954e35c1748b553bfe9fdac8635c02058023277d1b3", size = 14329997 },
    { url = "https://files.pythonhosted.org/packages/4c/49/c2adeccc8a47bcd9335ec000dfcb4de34a7c34aeaa23af57cd504017e8c3/numpy-2.2.0-cp310-cp310-manylinux_2_17_x86_64.manylinux2014_x86_64.whl", hash = "sha256:122fd2fcfafdefc889c64ad99c228d5a1f9692c3a83f56c292618a59aa60ae83", size = 16378908 },
    { url = "https://files.pythonhosted.org/packages/8d/85/b65f4596748cc5468c0a978a16b3be45f6bcec78339b0fe7bce71d121d89/numpy-2.2.0-cp310-cp310-musllinux_1_2_aarch64.whl", hash = "sha256:3f2f5cddeaa4424a0a118924b988746db6ffa8565e5829b1841a8a3bd73eb59a", size = 15540949 },
    { url = "https://files.pythonhosted.org/packages/ff/b3/3b18321c94a6a6a1d972baf1b39a6de50e65c991002c014ffbcce7e09be8/numpy-2.2.0-cp310-cp310-musllinux_1_2_x86_64.whl", hash = "sha256:7fe4bb0695fe986a9e4deec3b6857003b4cfe5c5e4aac0b95f6a658c14635e31", size = 18167677 },
    { url = "https://files.pythonhosted.org/packages/41/f0/fa2a76e893a05764e4474f6011575c4e4ccf32af9c95bfcc8ef4b8a99f69/numpy-2.2.0-cp310-cp310-win32.whl", hash = "sha256:b30042fe92dbd79f1ba7f6898fada10bdaad1847c44f2dff9a16147e00a93661", size = 6570288 },
    { url = "https://files.pythonhosted.org/packages/97/4e/0b7debcd013214db224997b0d3e39bb7b3656d37d06dfc31bb57d42d143b/numpy-2.2.0-cp310-cp310-win_amd64.whl", hash = "sha256:54dc1d6d66f8d37843ed281773c7174f03bf7ad826523f73435deb88ba60d2d4", size = 12912730 },
    { url = "https://files.pythonhosted.org/packages/80/1b/736023977a96e787c4e7653a1ac2d31d4f6ab6b4048f83c8359f7c0af2e3/numpy-2.2.0-cp311-cp311-macosx_10_9_x86_64.whl", hash = "sha256:9874bc2ff574c40ab7a5cbb7464bf9b045d617e36754a7bc93f933d52bd9ffc6", size = 21216607 },
    { url = "https://files.pythonhosted.org/packages/85/4f/5f0be4c5c93525e663573bab9e29bd88a71f85de3a0d01413ee05bce0c2f/numpy-2.2.0-cp311-cp311-macosx_11_0_arm64.whl", hash = "sha256:0da8495970f6b101ddd0c38ace92edea30e7e12b9a926b57f5fabb1ecc25bb90", size = 14387756 },
    { url = "https://files.pythonhosted.org/packages/36/78/c38af7833c4f29999cdacdf12452b43b660cd25a1990ea9a7edf1fb01f17/numpy-2.2.0-cp311-cp311-macosx_14_0_arm64.whl", hash = "sha256:0557eebc699c1c34cccdd8c3778c9294e8196df27d713706895edc6f57d29608", size = 5388483 },
    { url = "https://files.pythonhosted.org/packages/e9/b5/306ac6ee3f8f0c51abd3664ee8a9b8e264cbf179a860674827151ecc0a9c/numpy-2.2.0-cp311-cp311-macosx_14_0_x86_64.whl", hash = "sha256:3579eaeb5e07f3ded59298ce22b65f877a86ba8e9fe701f5576c99bb17c283da", size = 6929721 },
    { url = "https://files.pythonhosted.org/packages/ea/15/e33a7d86d8ce91de82c34ce94a87f2b8df891e603675e83ec7039325ff10/numpy-2.2.0-cp311-cp311-manylinux_2_17_aarch64.manylinux2014_aarch64.whl", hash = "sha256:40deb10198bbaa531509aad0cd2f9fadb26c8b94070831e2208e7df543562b74", size = 14334667 },
    { url = "https://files.pythonhosted.org/packages/52/33/10825f580f42a353f744abc450dcd2a4b1e6f1931abb0ccbd1d63bd3993c/numpy-2.2.0-cp311-cp311-manylinux_2_17_x86_64.manylinux2014_x86_64.whl", hash = "sha256:c2aed8fcf8abc3020d6a9ccb31dbc9e7d7819c56a348cc88fd44be269b37427e", size = 16390204 },
    { url = "https://files.pythonhosted.org/packages/b4/24/36cce77559572bdc6c8bcdd2f3e0db03c7079d14b9a1cd342476d7f451e8/numpy-2.2.0-cp311-cp311-musllinux_1_2_aarch64.whl", hash = "sha256:a222d764352c773aa5ebde02dd84dba3279c81c6db2e482d62a3fa54e5ece69b", size = 15556123 },
    { url = "https://files.pythonhosted.org/packages/05/51/2d706d14adee8f5c70c5de3831673d4d57051fc9ac6f3f6bff8811d2f9bd/numpy-2.2.0-cp311-cp311-musllinux_1_2_x86_64.whl", hash = "sha256:4e58666988605e251d42c2818c7d3d8991555381be26399303053b58a5bbf30d", size = 18179898 },
    { url = "https://files.pythonhosted.org/packages/8a/e7/ea8b7652564113f218e75b296e3545a256d88b233021f792fd08591e8f33/numpy-2.2.0-cp311-cp311-win32.whl", hash = "sha256:4723a50e1523e1de4fccd1b9a6dcea750c2102461e9a02b2ac55ffeae09a4410", size = 6568146 },
    { url = "https://files.pythonhosted.org/packages/d0/06/3d1ff6ed377cb0340baf90487a35f15f9dc1db8e0a07de2bf2c54a8e490f/numpy-2.2.0-cp311-cp311-win_amd64.whl", hash = "sha256:16757cf28621e43e252c560d25b15f18a2f11da94fea344bf26c599b9cf54b73", size = 12916677 },
    { url = "https://files.pythonhosted.org/packages/7f/bc/a20dc4e1d051149052762e7647455311865d11c603170c476d1e910a353e/numpy-2.2.0-cp312-cp312-macosx_10_13_x86_64.whl", hash = "sha256:cff210198bb4cae3f3c100444c5eaa573a823f05c253e7188e1362a5555235b3", size = 20909153 },
    { url = "https://files.pythonhosted.org/packages/60/3d/ac4fb63f36db94f4c7db05b45e3ecb3f88f778ca71850664460c78cfde41/numpy-2.2.0-cp312-cp312-macosx_11_0_arm64.whl", hash = "sha256:58b92a5828bd4d9aa0952492b7de803135038de47343b2aa3cc23f3b71a3dc4e", size = 14095021 },
    { url = "https://files.pythonhosted.org/packages/41/6d/a654d519d24e4fcc7a83d4a51209cda086f26cf30722b3d8ffc1aa9b775e/numpy-2.2.0-cp312-cp312-macosx_14_0_arm64.whl", hash = "sha256:ebe5e59545401fbb1b24da76f006ab19734ae71e703cdb4a8b347e84a0cece67", size = 5125491 },
    { url = "https://files.pythonhosted.org/packages/e6/22/fab7e1510a62e5092f4e6507a279020052b89f11d9cfe52af7f52c243b04/numpy-2.2.0-cp312-cp312-macosx_14_0_x86_64.whl", hash = "sha256:e2b8cd48a9942ed3f85b95ca4105c45758438c7ed28fff1e4ce3e57c3b589d8e", size = 6658534 },
    { url = "https://files.pythonhosted.org/packages/fc/29/a3d938ddc5a534cd53df7ab79d20a68db8c67578de1df0ae0118230f5f54/numpy-2.2.0-cp312-cp312-manylinux_2_17_aarch64.manylinux2014_aarch64.whl", hash = "sha256:57fcc997ffc0bef234b8875a54d4058afa92b0b0c4223fc1f62f24b3b5e86038", size = 14046306 },
    { url = "https://files.pythonhosted.org/packages/90/24/d0bbb56abdd8934f30384632e3c2ca1ebfeb5d17e150c6e366ba291de36b/numpy-2.2.0-cp312-cp312-manylinux_2_17_x86_64.manylinux2014_x86_64.whl", hash = "sha256:85ad7d11b309bd132d74397fcf2920933c9d1dc865487128f5c03d580f2c3d03", size = 16095819 },
    { url = "https://files.pythonhosted.org/packages/99/9c/58a673faa9e8a0e77248e782f7a17410cf7259b326265646fd50ed49c4e1/numpy-2.2.0-cp312-cp312-musllinux_1_2_aarch64.whl", hash = "sha256:cb24cca1968b21355cc6f3da1a20cd1cebd8a023e3c5b09b432444617949085a", size = 15243215 },
    { url = "https://files.pythonhosted.org/packages/9c/61/f311693f78cbf635cfb69ce9e1e857ff83937a27d93c96ac5932fd33e330/numpy-2.2.0-cp312-cp312-musllinux_1_2_x86_64.whl", hash = "sha256:0798b138c291d792f8ea40fe3768610f3c7dd2574389e37c3f26573757c8f7ef", size = 17860175 },
    { url = "https://files.pythonhosted.org/packages/11/3e/491c34262cb1fc9dd13a00beb80d755ee0517b17db20e54cac7aa524533e/numpy-2.2.0-cp312-cp312-win32.whl", hash = "sha256:afe8fb968743d40435c3827632fd36c5fbde633b0423da7692e426529b1759b1", size = 6273281 },
    { url = "https://files.pythonhosted.org/packages/89/ea/00537f599eb230771157bc509f6ea5b2dddf05d4b09f9d2f1d7096a18781/numpy-2.2.0-cp312-cp312-win_amd64.whl", hash = "sha256:3a4199f519e57d517ebd48cb76b36c82da0360781c6a0353e64c0cac30ecaad3", size = 12613227 },
    { url = "https://files.pythonhosted.org/packages/bd/4c/0d1eef206545c994289e7a9de21b642880a11e0ed47a2b0c407c688c4f69/numpy-2.2.0-cp313-cp313-macosx_10_13_x86_64.whl", hash = "sha256:f8c8b141ef9699ae777c6278b52c706b653bf15d135d302754f6b2e90eb30367", size = 20895707 },
    { url = "https://files.pythonhosted.org/packages/16/cb/88f6c1e6df83002c421d5f854ccf134aa088aa997af786a5dac3f32ec99b/numpy-2.2.0-cp313-cp313-macosx_11_0_arm64.whl", hash = "sha256:0f0986e917aca18f7a567b812ef7ca9391288e2acb7a4308aa9d265bd724bdae", size = 14110592 },
    { url = "https://files.pythonhosted.org/packages/b4/54/817e6894168a43f33dca74199ba0dd0f1acd99aa6323ed6d323d63d640a2/numpy-2.2.0-cp313-cp313-macosx_14_0_arm64.whl", hash = "sha256:1c92113619f7b272838b8d6702a7f8ebe5edea0df48166c47929611d0b4dea69", size = 5110858 },
    { url = "https://files.pythonhosted.org/packages/c7/99/00d8a1a8eb70425bba7880257ed73fed08d3e8d05da4202fb6b9a81d5ee4/numpy-2.2.0-cp313-cp313-macosx_14_0_x86_64.whl", hash = "sha256:5a145e956b374e72ad1dff82779177d4a3c62bc8248f41b80cb5122e68f22d13", size = 6645143 },
    { url = "https://files.pythonhosted.org/packages/34/86/5b9c2b7c56e7a9d9297a0a4be0b8433f498eba52a8f5892d9132b0f64627/numpy-2.2.0-cp313-cp313-manylinux_2_17_aarch64.manylinux2014_aarch64.whl", hash = "sha256:18142b497d70a34b01642b9feabb70156311b326fdddd875a9981f34a369b671", size = 14042812 },
    { url = "https://files.pythonhosted.org/packages/df/54/13535f74391dbe5f479ceed96f1403267be302c840040700d4fd66688089/numpy-2.2.0-cp313-cp313-manylinux_2_17_x86_64.manylinux2014_x86_64.whl", hash = "sha256:a7d41d1612c1a82b64697e894b75db6758d4f21c3ec069d841e60ebe54b5b571", size = 16093419 },
    { url = "https://files.pythonhosted.org/packages/dd/37/dfb2056842ac61315f225aa56f455da369f5223e4c5a38b91d20da1b628b/numpy-2.2.0-cp313-cp313-musllinux_1_2_aarch64.whl", hash = "sha256:a98f6f20465e7618c83252c02041517bd2f7ea29be5378f09667a8f654a5918d", size = 15238969 },
    { url = "https://files.pythonhosted.org/packages/5a/3d/d20d24ee313992f0b7e7b9d9eef642d9b545d39d5b91c4a2cc8c98776328/numpy-2.2.0-cp313-cp313-musllinux_1_2_x86_64.whl", hash = "sha256:e09d40edfdb4e260cb1567d8ae770ccf3b8b7e9f0d9b5c2a9992696b30ce2742", size = 17855705 },
    { url = "https://files.pythonhosted.org/packages/5b/40/944c9ee264f875a2db6f79380944fd2b5bb9d712bb4a134d11f45ad5b693/numpy-2.2.0-cp313-cp313-win32.whl", hash = "sha256:3905a5fffcc23e597ee4d9fb3fcd209bd658c352657548db7316e810ca80458e", size = 6270078 },
    { url = "https://files.pythonhosted.org/packages/30/04/e1ee6f8b22034302d4c5c24e15782bdedf76d90b90f3874ed0b48525def0/numpy-2.2.0-cp313-cp313-win_amd64.whl", hash = "sha256:a184288538e6ad699cbe6b24859206e38ce5fba28f3bcfa51c90d0502c1582b2", size = 12605791 },
    { url = "https://files.pythonhosted.org/packages/ef/fb/51d458625cd6134d60ac15180ae50995d7d21b0f2f92a6286ae7b0792d19/numpy-2.2.0-cp313-cp313t-macosx_10_13_x86_64.whl", hash = "sha256:7832f9e8eb00be32f15fdfb9a981d6955ea9adc8574c521d48710171b6c55e95", size = 20920160 },
    { url = "https://files.pythonhosted.org/packages/b4/34/162ae0c5d2536ea4be98c813b5161c980f0443cd5765fde16ddfe3450140/numpy-2.2.0-cp313-cp313t-macosx_11_0_arm64.whl", hash = "sha256:f0dd071b95bbca244f4cb7f70b77d2ff3aaaba7fa16dc41f58d14854a6204e6c", size = 14119064 },
    { url = "https://files.pythonhosted.org/packages/17/6c/4195dd0e1c41c55f466d516e17e9e28510f32af76d23061ea3da67438e3c/numpy-2.2.0-cp313-cp313t-macosx_14_0_arm64.whl", hash = "sha256:b0b227dcff8cdc3efbce66d4e50891f04d0a387cce282fe1e66199146a6a8fca", size = 5152778 },
    { url = "https://files.pythonhosted.org/packages/2f/47/ea804ae525832c8d05ed85b560dfd242d34e4bb0962bc269ccaa720fb934/numpy-2.2.0-cp313-cp313t-macosx_14_0_x86_64.whl", hash = "sha256:6ab153263a7c5ccaf6dfe7e53447b74f77789f28ecb278c3b5d49db7ece10d6d", size = 6667605 },
    { url = "https://files.pythonhosted.org/packages/76/99/34d20e50b3d894bb16b5374bfbee399ab8ff3a33bf1e1f0b8acfe7bbd70d/numpy-2.2.0-cp313-cp313t-manylinux_2_17_aarch64.manylinux2014_aarch64.whl", hash = "sha256:e500aba968a48e9019e42c0c199b7ec0696a97fa69037bea163b55398e390529", size = 14013275 },
    { url = "https://files.pythonhosted.org/packages/69/8f/a1df7bd02d434ab82539517d1b98028985700cfc4300bc5496fb140ca648/numpy-2.2.0-cp313-cp313t-manylinux_2_17_x86_64.manylinux2014_x86_64.whl", hash = "sha256:440cfb3db4c5029775803794f8638fbdbf71ec702caf32735f53b008e1eaece3", size = 16074900 },
    { url = "https://files.pythonhosted.org/packages/04/94/b419e7a76bf21a00fcb03c613583f10e389fdc8dfe420412ff5710c8ad3d/numpy-2.2.0-cp313-cp313t-musllinux_1_2_aarch64.whl", hash = "sha256:a55dc7a7f0b6198b07ec0cd445fbb98b05234e8b00c5ac4874a63372ba98d4ab", size = 15219122 },
    { url = "https://files.pythonhosted.org/packages/65/d9/dddf398b2b6c5d750892a207a469c2854a8db0f033edaf72103af8cf05aa/numpy-2.2.0-cp313-cp313t-musllinux_1_2_x86_64.whl", hash = "sha256:4bddbaa30d78c86329b26bd6aaaea06b1e47444da99eddac7bf1e2fab717bd72", size = 17851668 },
    { url = "https://files.pythonhosted.org/packages/d4/dc/09a4e5819a9782a213c0eb4eecacdc1cd75ad8dac99279b04cfccb7eeb0a/numpy-2.2.0-cp313-cp313t-win32.whl", hash = "sha256:30bf971c12e4365153afb31fc73f441d4da157153f3400b82db32d04de1e4066", size = 6325288 },
    { url = "https://files.pythonhosted.org/packages/ce/e1/e0d06ec34036c92b43aef206efe99a5f5f04e12c776eab82a36e00c40afc/numpy-2.2.0-cp313-cp313t-win_amd64.whl", hash = "sha256:d35717333b39d1b6bb8433fa758a55f1081543de527171543a2b710551d40881", size = 12692303 },
    { url = "https://files.pythonhosted.org/packages/f3/18/6d4e1274f221073058b621f4df8050958b7564b24b4fa25be9f1b7639274/numpy-2.2.0-pp310-pypy310_pp73-macosx_10_15_x86_64.whl", hash = "sha256:e12c6c1ce84628c52d6367863773f7c8c8241be554e8b79686e91a43f1733773", size = 21043901 },
    { url = "https://files.pythonhosted.org/packages/19/3e/2b20599e7ead7ae1b89a77bb34f88c5ec12e43fbb320576ed646388d2cb7/numpy-2.2.0-pp310-pypy310_pp73-macosx_14_0_x86_64.whl", hash = "sha256:b6207dc8fb3c8cb5668e885cef9ec7f70189bec4e276f0ff70d5aa078d32c88e", size = 6789122 },
    { url = "https://files.pythonhosted.org/packages/c9/5a/378954132c192fafa6c3d5c160092a427c7562e5bda0cc6ad9cc37008a7a/numpy-2.2.0-pp310-pypy310_pp73-manylinux_2_17_x86_64.manylinux2014_x86_64.whl", hash = "sha256:a50aeff71d0f97b6450d33940c7181b08be1441c6c193e678211bff11aa725e7", size = 16194018 },
    { url = "https://files.pythonhosted.org/packages/67/17/209bda34fc83f3436834392f44643e66dcf3c77465f232102e7f1c7d8eae/numpy-2.2.0-pp310-pypy310_pp73-win_amd64.whl", hash = "sha256:df12a1f99b99f569a7c2ae59aa2d31724e8d835fc7f33e14f4792e3071d11221", size = 12819486 },
]

[[package]]
name = "protobuf"
version = "5.29.1"
source = { registry = "https://pypi.org/simple" }
sdist = { url = "https://files.pythonhosted.org/packages/d2/4f/1639b7b1633d8fd55f216ba01e21bf2c43384ab25ef3ddb35d85a52033e8/protobuf-5.29.1.tar.gz", hash = "sha256:683be02ca21a6ffe80db6dd02c0b5b2892322c59ca57fd6c872d652cb80549cb", size = 424965 }
wheels = [
    { url = "https://files.pythonhosted.org/packages/50/c7/28669b04691a376cf7d0617d612f126aa0fff763d57df0142f9bf474c5b8/protobuf-5.29.1-cp310-abi3-win32.whl", hash = "sha256:22c1f539024241ee545cbcb00ee160ad1877975690b16656ff87dde107b5f110", size = 422706 },
    { url = "https://files.pythonhosted.org/packages/e3/33/dc7a7712f457456b7e0b16420ab8ba1cc8686751d3f28392eb43d0029ab9/protobuf-5.29.1-cp310-abi3-win_amd64.whl", hash = "sha256:1fc55267f086dd4050d18ef839d7bd69300d0d08c2a53ca7df3920cc271a3c34", size = 434505 },
    { url = "https://files.pythonhosted.org/packages/e5/39/44239fb1c6ec557e1731d996a5de89a9eb1ada7a92491fcf9c5d714052ed/protobuf-5.29.1-cp38-abi3-macosx_10_9_universal2.whl", hash = "sha256:d473655e29c0c4bbf8b69e9a8fb54645bc289dead6d753b952e7aa660254ae18", size = 417822 },
    { url = "https://files.pythonhosted.org/packages/fb/4a/ec56f101d38d4bef2959a9750209809242d86cf8b897db00f2f98bfa360e/protobuf-5.29.1-cp38-abi3-manylinux2014_aarch64.whl", hash = "sha256:b5ba1d0e4c8a40ae0496d0e2ecfdbb82e1776928a205106d14ad6985a09ec155", size = 319572 },
    { url = "https://files.pythonhosted.org/packages/04/52/c97c58a33b3d6c89a8138788576d372a90a6556f354799971c6b4d16d871/protobuf-5.29.1-cp38-abi3-manylinux2014_x86_64.whl", hash = "sha256:8ee1461b3af56145aca2800e6a3e2f928108c749ba8feccc6f5dd0062c410c0d", size = 319671 },
    { url = "https://files.pythonhosted.org/packages/3b/24/c8c49df8f6587719e1d400109b16c10c6902d0c9adddc8fff82840146f99/protobuf-5.29.1-py3-none-any.whl", hash = "sha256:32600ddb9c2a53dedc25b8581ea0f1fd8ea04956373c0c07577ce58d312522e0", size = 172547 },
]
