version = 1
requires-python = ">=3.10"

[[package]]
name = "grpcio"
version = "1.68.1"
source = { registry = "https://pypi.org/simple" }
sdist = { url = "https://files.pythonhosted.org/packages/91/ec/b76ff6d86bdfd1737a5ec889394b54c18b1ec3832d91041e25023fbcb67d/grpcio-1.68.1.tar.gz", hash = "sha256:44a8502dd5de653ae6a73e2de50a401d84184f0331d0ac3daeb044e66d5c5054", size = 12694654 }
wheels = [
    { url = "https://files.pythonhosted.org/packages/f5/88/d1ac9676a0809e3efec154d45246474ec12a4941686da71ffb3d34190294/grpcio-1.68.1-cp310-cp310-linux_armv7l.whl", hash = "sha256:d35740e3f45f60f3c37b1e6f2f4702c23867b9ce21c6410254c9c682237da68d", size = 5171054 },
    { url = "https://files.pythonhosted.org/packages/ec/cb/94ca41e100201fee8876a4b44d64e43ac7405929909afe1fa943d65b25ef/grpcio-1.68.1-cp310-cp310-macosx_12_0_universal2.whl", hash = "sha256:d99abcd61760ebb34bdff37e5a3ba333c5cc09feda8c1ad42547bea0416ada78", size = 11078566 },
    { url = "https://files.pythonhosted.org/packages/d5/b0/ad4c66f2e3181b4eab99885686c960c403ae2300bacfe427526282facc07/grpcio-1.68.1-cp310-cp310-manylinux_2_17_aarch64.whl", hash = "sha256:f8261fa2a5f679abeb2a0a93ad056d765cdca1c47745eda3f2d87f874ff4b8c9", size = 5690039 },
    { url = "https://files.pythonhosted.org/packages/67/1e/f5d3410674d021831c9fef2d1d7ca2357b08d09c840ad4e054ea8ffc302e/grpcio-1.68.1-cp310-cp310-manylinux_2_17_i686.manylinux2014_i686.whl", hash = "sha256:0feb02205a27caca128627bd1df4ee7212db051019a9afa76f4bb6a1a80ca95e", size = 6317470 },
    { url = "https://files.pythonhosted.org/packages/91/93/701d5f33b163a621c8f2d4453f9e22f6c14e996baed54118d0dea93fc8c7/grpcio-1.68.1-cp310-cp310-manylinux_2_17_x86_64.manylinux2014_x86_64.whl", hash = "sha256:919d7f18f63bcad3a0f81146188e90274fde800a94e35d42ffe9eadf6a9a6330", size = 5941884 },
    { url = "https://files.pythonhosted.org/packages/67/44/06917ffaa35ca463b93dde60f324015fe4192312b0f4dd0faec061e7ca7f/grpcio-1.68.1-cp310-cp310-musllinux_1_1_i686.whl", hash = "sha256:963cc8d7d79b12c56008aabd8b457f400952dbea8997dd185f155e2f228db079", size = 6646332 },
    { url = "https://files.pythonhosted.org/packages/d4/94/074db039532687ec8ef07ebbcc747c46547c94329016e22b97d97b9e5f3b/grpcio-1.68.1-cp310-cp310-musllinux_1_1_x86_64.whl", hash = "sha256:ccf2ebd2de2d6661e2520dae293298a3803a98ebfc099275f113ce1f6c2a80f1", size = 6212515 },
    { url = "https://files.pythonhosted.org/packages/c5/f2/0c939264c36c6038fae1732a2a3e01a7075ba171a2154d86842ee0ac9b0a/grpcio-1.68.1-cp310-cp310-win32.whl", hash = "sha256:2cc1fd04af8399971bcd4f43bd98c22d01029ea2e56e69c34daf2bf8470e47f5", size = 3650459 },
    { url = "https://files.pythonhosted.org/packages/b6/90/b0e9278e88f747879d13b79fb893c9acb381fb90541ad9e416c7816c5eaf/grpcio-1.68.1-cp310-cp310-win_amd64.whl", hash = "sha256:ee2e743e51cb964b4975de572aa8fb95b633f496f9fcb5e257893df3be854746", size = 4399144 },
    { url = "https://files.pythonhosted.org/packages/fe/0d/fde5a5777d65696c39bb3e622fe1239dd0a878589bf6c5066980e7d19154/grpcio-1.68.1-cp311-cp311-linux_armv7l.whl", hash = "sha256:55857c71641064f01ff0541a1776bfe04a59db5558e82897d35a7793e525774c", size = 5180919 },
    { url = "https://files.pythonhosted.org/packages/07/fd/e5fa75b5ddf5d9f16606196973f9c2b4b1adf5a1735117eb7129fc33d2ec/grpcio-1.68.1-cp311-cp311-macosx_10_9_universal2.whl", hash = "sha256:4b177f5547f1b995826ef529d2eef89cca2f830dd8b2c99ffd5fde4da734ba73", size = 11150922 },
    { url = "https://files.pythonhosted.org/packages/86/1e/aaf5a1dae87fe47f277c5a1be72b31d2c209d095bebb0ce1d2df5cb8779c/grpcio-1.68.1-cp311-cp311-manylinux_2_17_aarch64.whl", hash = "sha256:3522c77d7e6606d6665ec8d50e867f13f946a4e00c7df46768f1c85089eae515", size = 5685685 },
    { url = "https://files.pythonhosted.org/packages/a9/69/c4fdf87d5c5696207e2ed232e4bdde656d8c99ba91f361927f3f06aa41ca/grpcio-1.68.1-cp311-cp311-manylinux_2_17_i686.manylinux2014_i686.whl", hash = "sha256:9d1fae6bbf0816415b81db1e82fb3bf56f7857273c84dcbe68cbe046e58e1ccd", size = 6316535 },
    { url = "https://files.pythonhosted.org/packages/6f/c6/539660516ea7db7bc3d39e07154512ae807961b14ec6b5b0c58d15657ff1/grpcio-1.68.1-cp311-cp311-manylinux_2_17_x86_64.manylinux2014_x86_64.whl", hash = "sha256:298ee7f80e26f9483f0b6f94cc0a046caf54400a11b644713bb5b3d8eb387600", size = 5939920 },
    { url = "https://files.pythonhosted.org/packages/38/f3/97a74dc4dd95bf195168d6da2ca4731ab7d3d0b03078f2833b4ff9c4f48f/grpcio-1.68.1-cp311-cp311-musllinux_1_1_i686.whl", hash = "sha256:cbb5780e2e740b6b4f2d208e90453591036ff80c02cc605fea1af8e6fc6b1bbe", size = 6644770 },
    { url = "https://files.pythonhosted.org/packages/cb/36/79a5e04073e58106aff442509a0c459151fa4f43202395db3eb8f77b78e9/grpcio-1.68.1-cp311-cp311-musllinux_1_1_x86_64.whl", hash = "sha256:ddda1aa22495d8acd9dfbafff2866438d12faec4d024ebc2e656784d96328ad0", size = 6211743 },
    { url = "https://files.pythonhosted.org/packages/73/0f/2250f4a0de1a0bec0726c47a021cbf71af6105f512ecaf67703e2eb1ad2f/grpcio-1.68.1-cp311-cp311-win32.whl", hash = "sha256:b33bd114fa5a83f03ec6b7b262ef9f5cac549d4126f1dc702078767b10c46ed9", size = 3650734 },
    { url = "https://files.pythonhosted.org/packages/4b/29/061c93a35f498238dc35eb8fb039ce168aa99cac2f0f1ce0c8a0a4bdb274/grpcio-1.68.1-cp311-cp311-win_amd64.whl", hash = "sha256:7f20ebec257af55694d8f993e162ddf0d36bd82d4e57f74b31c67b3c6d63d8b2", size = 4400816 },
    { url = "https://files.pythonhosted.org/packages/f5/15/674a1468fef234fa996989509bbdfc0d695878cbb385b9271f5d690d5cd3/grpcio-1.68.1-cp312-cp312-linux_armv7l.whl", hash = "sha256:8829924fffb25386995a31998ccbbeaa7367223e647e0122043dfc485a87c666", size = 5148351 },
    { url = "https://files.pythonhosted.org/packages/62/f5/edce368682d6d0b3573b883b134df022a44b1c888ea416dd7d78d480ab24/grpcio-1.68.1-cp312-cp312-macosx_10_9_universal2.whl", hash = "sha256:3aed6544e4d523cd6b3119b0916cef3d15ef2da51e088211e4d1eb91a6c7f4f1", size = 11127559 },
    { url = "https://files.pythonhosted.org/packages/ce/14/a6fde3114eafd9e4e345d1ebd0291c544d83b22f0554b1678a2968ae39e1/grpcio-1.68.1-cp312-cp312-manylinux_2_17_aarch64.whl", hash = "sha256:4efac5481c696d5cb124ff1c119a78bddbfdd13fc499e3bc0ca81e95fc573684", size = 5645221 },
    { url = "https://files.pythonhosted.org/packages/21/21/d1865bd6a22f9a26217e4e1b35f9105f7a0cdfb7a5fffe8be48e1a1afafc/grpcio-1.68.1-cp312-cp312-manylinux_2_17_i686.manylinux2014_i686.whl", hash = "sha256:6ab2d912ca39c51f46baf2a0d92aa265aa96b2443266fc50d234fa88bf877d8e", size = 6292270 },
    { url = "https://files.pythonhosted.org/packages/3a/f6/19798be6c3515a7b1fb9570198c91710472e2eb21f1900109a76834829e3/grpcio-1.68.1-cp312-cp312-manylinux_2_17_x86_64.manylinux2014_x86_64.whl", hash = "sha256:95c87ce2a97434dffe7327a4071839ab8e8bffd0054cc74cbe971fba98aedd60", size = 5905978 },
    { url = "https://files.pythonhosted.org/packages/9b/43/c3670a657445cd55be1246f64dbc3a6a33cab0f0141c5836df2e04f794c8/grpcio-1.68.1-cp312-cp312-musllinux_1_1_i686.whl", hash = "sha256:e4842e4872ae4ae0f5497bf60a0498fa778c192cc7a9e87877abd2814aca9475", size = 6630444 },
    { url = "https://files.pythonhosted.org/packages/80/69/fbbebccffd266bea4268b685f3e8e03613405caba69e93125dc783036465/grpcio-1.68.1-cp312-cp312-musllinux_1_1_x86_64.whl", hash = "sha256:255b1635b0ed81e9f91da4fcc8d43b7ea5520090b9a9ad9340d147066d1d3613", size = 6200324 },
    { url = "https://files.pythonhosted.org/packages/65/5c/27a26c21916f94f0c1585111974a5d5a41d8420dcb42c2717ee514c97a97/grpcio-1.68.1-cp312-cp312-win32.whl", hash = "sha256:7dfc914cc31c906297b30463dde0b9be48e36939575eaf2a0a22a8096e69afe5", size = 3638381 },
    { url = "https://files.pythonhosted.org/packages/a3/ba/ba6b65ccc93c7df1031c6b41e45b79a5a37e46b81d816bb3ea68ba476d77/grpcio-1.68.1-cp312-cp312-win_amd64.whl", hash = "sha256:a0c8ddabef9c8f41617f213e527254c41e8b96ea9d387c632af878d05db9229c", size = 4389959 },
    { url = "https://files.pythonhosted.org/packages/37/1a/15ccc08da339a5536690e6f877963422a5abf3f6dfeed96b3175f5c816b9/grpcio-1.68.1-cp313-cp313-linux_armv7l.whl", hash = "sha256:a47faedc9ea2e7a3b6569795c040aae5895a19dde0c728a48d3c5d7995fda385", size = 5149822 },
    { url = "https://files.pythonhosted.org/packages/bc/fe/91bb4b160cd251d5b5ee722e6342355f76d1ffe176c50a6ef0e8256fbb47/grpcio-1.68.1-cp313-cp313-macosx_10_13_universal2.whl", hash = "sha256:390eee4225a661c5cd133c09f5da1ee3c84498dc265fd292a6912b65c421c78c", size = 11085016 },
    { url = "https://files.pythonhosted.org/packages/55/2d/0bb2478410f5896da1090b9f43c2979dd72e7e97d10bc223bfbdddcf8eca/grpcio-1.68.1-cp313-cp313-manylinux_2_17_aarch64.whl", hash = "sha256:66a24f3d45c33550703f0abb8b656515b0ab777970fa275693a2f6dc8e35f1c1", size = 5645634 },
    { url = "https://files.pythonhosted.org/packages/f5/6c/e2d22d963b695f87a09965246beb1c3224b09ffc666fc0b285820926499a/grpcio-1.68.1-cp313-cp313-manylinux_2_17_i686.manylinux2014_i686.whl", hash = "sha256:c08079b4934b0bf0a8847f42c197b1d12cba6495a3d43febd7e99ecd1cdc8d54", size = 6291096 },
    { url = "https://files.pythonhosted.org/packages/6f/f6/21d9204e2c4c0804ad72be8c830c44f0e1355e649c173f87508b7f0e5488/grpcio-1.68.1-cp313-cp313-manylinux_2_17_x86_64.manylinux2014_x86_64.whl", hash = "sha256:8720c25cd9ac25dd04ee02b69256d0ce35bf8a0f29e20577427355272230965a", size = 5906528 },
    { url = "https://files.pythonhosted.org/packages/39/2a/bf6ae4fef13755ca236d587d630b82207cfad43cf956870adead97fd1ef1/grpcio-1.68.1-cp313-cp313-musllinux_1_1_i686.whl", hash = "sha256:04cfd68bf4f38f5bb959ee2361a7546916bd9a50f78617a346b3aeb2b42e2161", size = 6634215 },
    { url = "https://files.pythonhosted.org/packages/5b/83/9c96a6adfbea5e8a9ed408410c0259942713be64173b8816c7bf6ac2d830/grpcio-1.68.1-cp313-cp313-musllinux_1_1_x86_64.whl", hash = "sha256:c28848761a6520c5c6071d2904a18d339a796ebe6b800adc8b3f474c5ce3c3ad", size = 6200750 },
    { url = "https://files.pythonhosted.org/packages/b4/3e/af42f87759c6301c4fed894b3dd801b13162ba1d8e2942412e788ac749eb/grpcio-1.68.1-cp313-cp313-win32.whl", hash = "sha256:77d65165fc35cff6e954e7fd4229e05ec76102d4406d4576528d3a3635fc6172", size = 3637594 },
    { url = "https://files.pythonhosted.org/packages/7e/d1/3bef33a3d5d26d4ea9284e1b464f481d6d21ed8ae1c3da381b05f62c701d/grpcio-1.68.1-cp313-cp313-win_amd64.whl", hash = "sha256:a8040f85dcb9830d8bbb033ae66d272614cec6faceee88d37a88a9bd1a7a704e", size = 4391184 },
]

[[package]]
name = "grpcio-tools"
version = "1.68.1"
source = { registry = "https://pypi.org/simple" }
dependencies = [
    { name = "grpcio" },
    { name = "protobuf" },
    { name = "setuptools" },
]
sdist = { url = "https://files.pythonhosted.org/packages/2a/2f/d2fc30b79d892050a3c40ef8d17d602f4c6eced066d584621c7bbf195b0e/grpcio_tools-1.68.1.tar.gz", hash = "sha256:2413a17ad16c9c821b36e4a67fc64c37b9e4636ab1c3a07778018801378739ba", size = 5275384 }
wheels = [
    { url = "https://files.pythonhosted.org/packages/77/ea/7f40e041c12a26d41fbadaada47f6a3d0c4e04819d89ead62cf60a547414/grpcio_tools-1.68.1-cp310-cp310-linux_armv7l.whl", hash = "sha256:3a93ea324c5cbccdff55110777410d026dc1e69c3d47684ac97f57f7a77b9c70", size = 2342738 },
    { url = "https://files.pythonhosted.org/packages/51/36/33f04c77aa7c1df26031a32cb22e738ac58fd4708ff983cf3cc24b38705a/grpcio_tools-1.68.1-cp310-cp310-macosx_12_0_universal2.whl", hash = "sha256:94cbfb9482cfd7bdb5f081b94fa137a16e4fe031daa57a2cd85d8cb4e18dce25", size = 5556562 },
    { url = "https://files.pythonhosted.org/packages/3d/27/c5c9f8cab6b0769d758e014dc6e0c0d87da25f9bb4843675050abd094f20/grpcio_tools-1.68.1-cp310-cp310-manylinux_2_17_aarch64.whl", hash = "sha256:bbe7e1641859c858d0f4631f7f7c09e7302433f1aa037028d2419c1410945fac", size = 2306481 },
    { url = "https://files.pythonhosted.org/packages/9b/81/2e42ccd1cfb7a38aecd327942775cbd4b412f41d3d8c5e3c8eb33f093d55/grpcio_tools-1.68.1-cp310-cp310-manylinux_2_17_i686.manylinux2014_i686.whl", hash = "sha256:55c0f91c4294c5807796ed26af42509f3d68497942a92d9ee9f43b08768d6c3c", size = 2679631 },
    { url = "https://files.pythonhosted.org/packages/4c/cf/c758ba07d4213bf706e90e4adde3dbf47f93d80cb8407fd449cc662f27aa/grpcio_tools-1.68.1-cp310-cp310-manylinux_2_17_x86_64.manylinux2014_x86_64.whl", hash = "sha256:85adc798fd3b57ab3e998b5897c5daab6840211ac16cdf3ba99901cb9b90094a", size = 2425826 },
    { url = "https://files.pythonhosted.org/packages/fc/c6/a582490a64d9a7f626b83dbbe92eb7f10c2069b35d573ca9b2b622c994bd/grpcio_tools-1.68.1-cp310-cp310-musllinux_1_1_i686.whl", hash = "sha256:f0bdccb00709bf6180a80a353a99fa844cc0bb2d450cdf7fc6ab22c988bb6b4c", size = 3289537 },
    { url = "https://files.pythonhosted.org/packages/44/53/6318e9ecb495ee1aa922ea66d500c4c2f4cad7218ed67de955cb61fffc38/grpcio_tools-1.68.1-cp310-cp310-musllinux_1_1_x86_64.whl", hash = "sha256:2465e4d347b35dc0c007e074c79d5ded0a89c3aa26651e690f83593e0cc28af8", size = 2903792 },
    { url = "https://files.pythonhosted.org/packages/c1/e1/4e9992d8a3a36c7d1934535aa665b5d4cd2480de8e8f263a602132543df6/grpcio_tools-1.68.1-cp310-cp310-win32.whl", hash = "sha256:83c124a1776c1027da7d36584c8044cfed7a9f10e90f08dafde8d2a4cb822319", size = 946368 },
    { url = "https://files.pythonhosted.org/packages/ff/cc/b8c8fe96afec8fa07f76a9c93e147384f7b8803a5ae2cde06f9cf030fcb9/grpcio_tools-1.68.1-cp310-cp310-win_amd64.whl", hash = "sha256:283fd1359d619d42c3346f1d8f0a70636a036a421178803a1ab8083fa4228a38", size = 1097477 },
    { url = "https://files.pythonhosted.org/packages/2c/a4/427a28cd46f28dbb59cb99d65e3462a0241eb0830033d10eb038585107fa/grpcio_tools-1.68.1-cp311-cp311-linux_armv7l.whl", hash = "sha256:02f04de42834129eb54bb12469160ab631a0395d6a2b77975381c02b994086c3", size = 2342416 },
    { url = "https://files.pythonhosted.org/packages/2f/d0/837814621a1c6304b204e55a8638c79f2979b8d20fc9b471dc94e1fa0f4a/grpcio_tools-1.68.1-cp311-cp311-macosx_10_9_universal2.whl", hash = "sha256:92b6aab37095879ef9ee428dd171740ff794f4c7a66bc1cc7280cd0051f8cd96", size = 5587916 },
    { url = "https://files.pythonhosted.org/packages/25/a9/3ef5757103bca0efe16f5cab7bb45aff9131c6af099fdfe72b7a25cb9eb1/grpcio_tools-1.68.1-cp311-cp311-manylinux_2_17_aarch64.whl", hash = "sha256:1f0ac6ac5e1e33b998511981b3ef36489501833413354f3597b97a3452d7d7ba", size = 2306366 },
    { url = "https://files.pythonhosted.org/packages/a6/eb/a0f09fba1b113bbf7b2a252e0f1a41373acee150f4245f4b41fdbab0b93d/grpcio_tools-1.68.1-cp311-cp311-manylinux_2_17_i686.manylinux2014_i686.whl", hash = "sha256:28e0bca3a262af86557f30e30ddf2fadc2324ee05cd7352716924cc7f83541f1", size = 2679521 },
    { url = "https://files.pythonhosted.org/packages/ad/3f/875693dc5094ece347c009e4b720f6076b25d48381de957187ade66265ba/grpcio_tools-1.68.1-cp311-cp311-manylinux_2_17_x86_64.manylinux2014_x86_64.whl", hash = "sha256:12239cf5ca6b7b4937103953cf35c49683d935e32e98596fe52dd35168aa86e6", size = 2425894 },
    { url = "https://files.pythonhosted.org/packages/ca/5f/bfe51ffe1e940dcaf06b98fdc00de558fc3299c5b8c521a825e283dde3f8/grpcio_tools-1.68.1-cp311-cp311-musllinux_1_1_i686.whl", hash = "sha256:8e48d8884fcf6b182c73d0560a183404458e30a0f479918b88ca8fbd48b8b05f", size = 3288922 },
    { url = "https://files.pythonhosted.org/packages/a8/d2/b597da5421f206fb15fa779e55bb573dad0d0966ff844b230d1a29519304/grpcio_tools-1.68.1-cp311-cp311-musllinux_1_1_x86_64.whl", hash = "sha256:e4e8059469847441855322da16fa2c0f9787b996c237a98778210e31188a8652", size = 2903909 },
    { url = "https://files.pythonhosted.org/packages/eb/60/ba6f428b7038107f263e59204dc06d204382b74caff88feb60c839284841/grpcio_tools-1.68.1-cp311-cp311-win32.whl", hash = "sha256:21815d54a83effbd2600d16382a7897298cfeffe578557fc9a47b642cc8ddafe", size = 946125 },
    { url = "https://files.pythonhosted.org/packages/34/ce/9b5dbf31480999ad815dc9fb923b4318ba7872d27159ed171e90bdd56c1b/grpcio_tools-1.68.1-cp311-cp311-win_amd64.whl", hash = "sha256:2114528723d9f12d3e24af3d433ec6f140deea1dd64d3bb1b4ebced217f1867c", size = 1097283 },
    { url = "https://files.pythonhosted.org/packages/f6/d0/45b59ef7f3b88cbf501558cccc5278ad7048e9ed367b947372a69c05aaf9/grpcio_tools-1.68.1-cp312-cp312-linux_armv7l.whl", hash = "sha256:d67a9d1ad22ff0d22715dba1d5f8f23ebd47cea84ccd20c90bf4690d988adc5b", size = 2342316 },
    { url = "https://files.pythonhosted.org/packages/56/2e/845b627d16833d0117c23c40f54f4d25845ec3457303928e3d4b879f10b9/grpcio_tools-1.68.1-cp312-cp312-macosx_10_9_universal2.whl", hash = "sha256:c7f1e704ff73eb01afac51b63b74868a35aaa5d6f791fc63bd41af44a51aa232", size = 5585983 },
    { url = "https://files.pythonhosted.org/packages/8c/f1/1c5d01761a41614e56e1872c6727dfec24df6f97de6ea9f0762dc0aa3494/grpcio_tools-1.68.1-cp312-cp312-manylinux_2_17_aarch64.whl", hash = "sha256:e9f69988bd77db014795511c498e89a0db24bd47877e65921364114f88de3bee", size = 2306179 },
    { url = "https://files.pythonhosted.org/packages/8b/84/0a9b64167b6e41f7399bb27c2800124d7a3766682e656384434ceb12dba4/grpcio_tools-1.68.1-cp312-cp312-manylinux_2_17_i686.manylinux2014_i686.whl", hash = "sha256:8585ec7d11fcc2bb635b39605a4466ca9fa28dbae0c184fe58f456da72cb9031", size = 2679655 },
    { url = "https://files.pythonhosted.org/packages/98/a7/8a120bf17ed6462461a20f5dd10905e28b99caa5df2ad2c50b0ec3501d31/grpcio_tools-1.68.1-cp312-cp312-manylinux_2_17_x86_64.manylinux2014_x86_64.whl", hash = "sha256:c81d0be6c46fcbcd2cd126804060a95531cdf6d779436b2fbc68c8b4a7db2dc1", size = 2425466 },
    { url = "https://files.pythonhosted.org/packages/0b/5d/42e53a214024d85991eeaca3602ed991297c8e0cd361df7394f794dabfa1/grpcio_tools-1.68.1-cp312-cp312-musllinux_1_1_i686.whl", hash = "sha256:6efdb02e75baf289935b5dad665f0e0f7c3311d86aae0cd2c709e2a8a34bb620", size = 3289402 },
    { url = "https://files.pythonhosted.org/packages/09/f6/2c4f713d140ef1b5085130d468c2a12476e2fc963e0212033ce879d88224/grpcio_tools-1.68.1-cp312-cp312-musllinux_1_1_x86_64.whl", hash = "sha256:8ea367639e771e5a05f7320eb4ae2b27e09d2ec3baeae9819d1c590cc7eaaa08", size = 2903930 },
    { url = "https://files.pythonhosted.org/packages/9f/db/1256e1b75f78833cebd4d764902ba389c1437e9f208766f81d12fa64f473/grpcio_tools-1.68.1-cp312-cp312-win32.whl", hash = "sha256:a5b1021c9942bba7eca1555061e2d308f506198088a3a539fcb3633499c6635f", size = 946040 },
    { url = "https://files.pythonhosted.org/packages/e0/b2/f39c7c18ef4e7cca60a5aadff6e684209cb62e97d50ce66d0b9860090955/grpcio_tools-1.68.1-cp312-cp312-win_amd64.whl", hash = "sha256:315ad9c28940c95e85e57aeca309d298113175c2d5e8221501a05a51072f5477", size = 1096719 },
    { url = "https://files.pythonhosted.org/packages/68/d9/ebea463de32604f0d1397946e5341d3d986d2a92180218bd8cafc7dbe479/grpcio_tools-1.68.1-cp313-cp313-linux_armv7l.whl", hash = "sha256:67e49b5ede0cc8a0f988f41f7b72f6bc03180aecdb5213bd985bc1bbfd9ffdac", size = 2342125 },
    { url = "https://files.pythonhosted.org/packages/06/fc/9bc572b7ba18afc416a18272f0aaeb0099cbaa354ed5f4518f2556db70e8/grpcio_tools-1.68.1-cp313-cp313-macosx_10_13_universal2.whl", hash = "sha256:b78e38f953062d45ff92ec940da292dc9bfbf26de492c8dc44e12b13493a8e80", size = 5573889 },
    { url = "https://files.pythonhosted.org/packages/ff/85/4f114c688c5ede613b91b7f5148189fce11d7ec2898691dbc066406e87cb/grpcio_tools-1.68.1-cp313-cp313-manylinux_2_17_aarch64.whl", hash = "sha256:8ebe9df5bab4121e8f51e013a379be2027179a0c8013e89d686a1e5800e9c205", size = 2305568 },
    { url = "https://files.pythonhosted.org/packages/c8/60/19016c06086a4b000bc04ae2e4fdd3c113ba8c44a10d155227d8375b8c9a/grpcio_tools-1.68.1-cp313-cp313-manylinux_2_17_i686.manylinux2014_i686.whl", hash = "sha256:be553e3ea7447ed9e2e2d089f3b0a77000e86d2681b3c77498c98dddffc62d22", size = 2678659 },
    { url = "https://files.pythonhosted.org/packages/79/2a/2f2201895af55a2a177494e06890dfff05dc687ca2f9db19420374f8b066/grpcio_tools-1.68.1-cp313-cp313-manylinux_2_17_x86_64.manylinux2014_x86_64.whl", hash = "sha256:d4877f3eabb6185b5691f5218fedc86a84a833734847a294048862ec910a2854", size = 2425005 },
    { url = "https://files.pythonhosted.org/packages/62/19/da6105fe5b44537dd6c2c7d5eee046a1304ea408477b9756186f7ae1b593/grpcio_tools-1.68.1-cp313-cp313-musllinux_1_1_i686.whl", hash = "sha256:b98173e536e8f2779eff84a03409cca6497dc1fad3d10a47c8d881b2cb36259b", size = 3288873 },
    { url = "https://files.pythonhosted.org/packages/b1/79/e478d43e7c05c0457e1211b8a987deeb7778f3a2de9824272aa4f13334c9/grpcio_tools-1.68.1-cp313-cp313-musllinux_1_1_x86_64.whl", hash = "sha256:5b64035dcd0df70acf3af972c3f103b0ce141d29732fd94eaa8b38cf7c8e62fe", size = 2903212 },
    { url = "https://files.pythonhosted.org/packages/32/9c/5e47a4961959d359728c9beea67b74fb07ab3ba2c46dc83ebfa8cd39a717/grpcio_tools-1.68.1-cp313-cp313-win32.whl", hash = "sha256:573f3ed3276df20c308797ae834ac6c5595b1dd2953b243eedadbcd986a287d7", size = 945289 },
    { url = "https://files.pythonhosted.org/packages/ca/d3/9edb57f65f2950920efdf726a8c8b82f65bcde5ccf861a686060ca6512f3/grpcio_tools-1.68.1-cp313-cp313-win_amd64.whl", hash = "sha256:c4539c6231015c40db879fbc0feaaf03adb4275c1bd2b4dd26e2323f2a13655a", size = 1096008 },
]

[[package]]
name = "kachaka-api"
version = "3.6.6"
source = { virtual = "." }
dependencies = [
    { name = "grpcio" },
    { name = "grpcio-tools" },
    { name = "numpy" },
    { name = "protobuf" },
]

[package.metadata]
requires-dist = [
    { name = "grpcio", specifier = ">=1.68.1" },
    { name = "grpcio-tools", specifier = ">=1.68.1" },
    { name = "numpy", specifier = ">=2.2.0" },
    { name = "protobuf", specifier = ">=5.29.1" },
]

[[package]]
name = "numpy"
version = "2.2.0"
source = { registry = "https://pypi.org/simple" }
sdist = { url = "https://files.pythonhosted.org/packages/47/1b/1d565e0f6e156e1522ab564176b8b29d71e13d8caf003a08768df3d5cec5/numpy-2.2.0.tar.gz", hash = "sha256:140dd80ff8981a583a60980be1a655068f8adebf7a45a06a6858c873fcdcd4a0", size = 20225497 }
wheels = [
    { url = "https://files.pythonhosted.org/packages/c7/81/3882353e097204fe4d7a5fe026b694b0104b78f930c969faadeed1538e00/numpy-2.2.0-cp310-cp310-macosx_10_9_x86_64.whl", hash = "sha256:1e25507d85da11ff5066269d0bd25d06e0a0f2e908415534f3e603d2a78e4ffa", size = 21212476 },
    { url = "https://files.pythonhosted.org/packages/2c/64/5577dc71240272749e07fcacb47c0f29e31ba4fbd1613fefbd1aa88efc29/numpy-2.2.0-cp310-cp310-macosx_11_0_arm64.whl", hash = "sha256:a62eb442011776e4036af5c8b1a00b706c5bc02dc15eb5344b0c750428c94219", size = 14351441 },
    { url = "https://files.pythonhosted.org/packages/c9/43/850c040481c19c1c2289203a606df1a202eeb3aa81440624bac891024f83/numpy-2.2.0-cp310-cp310-macosx_14_0_arm64.whl", hash = "sha256:b606b1aaf802e6468c2608c65ff7ece53eae1a6874b3765f69b8ceb20c5fa78e", size = 5390304 },
    { url = "https://files.pythonhosted.org/packages/73/96/a4c8a86300dbafc7e4f44d8986f8b64950b7f4640a2dc5c91e036afe28c6/numpy-2.2.0-cp310-cp310-macosx_14_0_x86_64.whl", hash = "sha256:36b2b43146f646642b425dd2027730f99bac962618ec2052932157e213a040e9", size = 6925476 },
    { url = "https://files.pythonhosted.org/packages/0c/0a/22129c3107c4fb237f97876df4399a5c3a83f3d95f86e0353ae6fbbd202f/numpy-2.2.0-cp310-cp310-manylinux_2_17_aarch64.manylinux2014_aarch64.whl", hash = "sha256:7fe8f3583e0607ad4e43a954e35c1748b553bfe9fdac8635c02058023277d1b3", size = 14329997 },
    { url = "https://files.pythonhosted.org/packages/4c/49/c2adeccc8a47bcd9335ec000dfcb4de34a7c34aeaa23af57cd504017e8c3/numpy-2.2.0-cp310-cp310-manylinux_2_17_x86_64.manylinux2014_x86_64.whl", hash = "sha256:122fd2fcfafdefc889c64ad99c228d5a1f9692c3a83f56c292618a59aa60ae83", size = 16378908 },
    { url = "https://files.pythonhosted.org/packages/8d/85/b65f4596748cc5468c0a978a16b3be45f6bcec78339b0fe7bce71d121d89/numpy-2.2.0-cp310-cp310-musllinux_1_2_aarch64.whl", hash = "sha256:3f2f5cddeaa4424a0a118924b988746db6ffa8565e5829b1841a8a3bd73eb59a", size = 15540949 },
    { url = "https://files.pythonhosted.org/packages/ff/b3/3b18321c94a6a6a1d972baf1b39a6de50e65c991002c014ffbcce7e09be8/numpy-2.2.0-cp310-cp310-musllinux_1_2_x86_64.whl", hash = "sha256:7fe4bb0695fe986a9e4deec3b6857003b4cfe5c5e4aac0b95f6a658c14635e31", size = 18167677 },
    { url = "https://files.pythonhosted.org/packages/41/f0/fa2a76e893a05764e4474f6011575c4e4ccf32af9c95bfcc8ef4b8a99f69/numpy-2.2.0-cp310-cp310-win32.whl", hash = "sha256:b30042fe92dbd79f1ba7f6898fada10bdaad1847c44f2dff9a16147e00a93661", size = 6570288 },
    { url = "https://files.pythonhosted.org/packages/97/4e/0b7debcd013214db224997b0d3e39bb7b3656d37d06dfc31bb57d42d143b/numpy-2.2.0-cp310-cp310-win_amd64.whl", hash = "sha256:54dc1d6d66f8d37843ed281773c7174f03bf7ad826523f73435deb88ba60d2d4", size = 12912730 },
    { url = "https://files.pythonhosted.org/packages/80/1b/736023977a96e787c4e7653a1ac2d31d4f6ab6b4048f83c8359f7c0af2e3/numpy-2.2.0-cp311-cp311-macosx_10_9_x86_64.whl", hash = "sha256:9874bc2ff574c40ab7a5cbb7464bf9b045d617e36754a7bc93f933d52bd9ffc6", size = 21216607 },
    { url = "https://files.pythonhosted.org/packages/85/4f/5f0be4c5c93525e663573bab9e29bd88a71f85de3a0d01413ee05bce0c2f/numpy-2.2.0-cp311-cp311-macosx_11_0_arm64.whl", hash = "sha256:0da8495970f6b101ddd0c38ace92edea30e7e12b9a926b57f5fabb1ecc25bb90", size = 14387756 },
    { url = "https://files.pythonhosted.org/packages/36/78/c38af7833c4f29999cdacdf12452b43b660cd25a1990ea9a7edf1fb01f17/numpy-2.2.0-cp311-cp311-macosx_14_0_arm64.whl", hash = "sha256:0557eebc699c1c34cccdd8c3778c9294e8196df27d713706895edc6f57d29608", size = 5388483 },
    { url = "https://files.pythonhosted.org/packages/e9/b5/306ac6ee3f8f0c51abd3664ee8a9b8e264cbf179a860674827151ecc0a9c/numpy-2.2.0-cp311-cp311-macosx_14_0_x86_64.whl", hash = "sha256:3579eaeb5e07f3ded59298ce22b65f877a86ba8e9fe701f5576c99bb17c283da", size = 6929721 },
    { url = "https://files.pythonhosted.org/packages/ea/15/e33a7d86d8ce91de82c34ce94a87f2b8df891e603675e83ec7039325ff10/numpy-2.2.0-cp311-cp311-manylinux_2_17_aarch64.manylinux2014_aarch64.whl", hash = "sha256:40deb10198bbaa531509aad0cd2f9fadb26c8b94070831e2208e7df543562b74", size = 14334667 },
    { url = "https://files.pythonhosted.org/packages/52/33/10825f580f42a353f744abc450dcd2a4b1e6f1931abb0ccbd1d63bd3993c/numpy-2.2.0-cp311-cp311-manylinux_2_17_x86_64.manylinux2014_x86_64.whl", hash = "sha256:c2aed8fcf8abc3020d6a9ccb31dbc9e7d7819c56a348cc88fd44be269b37427e", size = 16390204 },
    { url = "https://files.pythonhosted.org/packages/b4/24/36cce77559572bdc6c8bcdd2f3e0db03c7079d14b9a1cd342476d7f451e8/numpy-2.2.0-cp311-cp311-musllinux_1_2_aarch64.whl", hash = "sha256:a222d764352c773aa5ebde02dd84dba3279c81c6db2e482d62a3fa54e5ece69b", size = 15556123 },
    { url = "https://files.pythonhosted.org/packages/05/51/2d706d14adee8f5c70c5de3831673d4d57051fc9ac6f3f6bff8811d2f9bd/numpy-2.2.0-cp311-cp311-musllinux_1_2_x86_64.whl", hash = "sha256:4e58666988605e251d42c2818c7d3d8991555381be26399303053b58a5bbf30d", size = 18179898 },
    { url = "https://files.pythonhosted.org/packages/8a/e7/ea8b7652564113f218e75b296e3545a256d88b233021f792fd08591e8f33/numpy-2.2.0-cp311-cp311-win32.whl", hash = "sha256:4723a50e1523e1de4fccd1b9a6dcea750c2102461e9a02b2ac55ffeae09a4410", size = 6568146 },
    { url = "https://files.pythonhosted.org/packages/d0/06/3d1ff6ed377cb0340baf90487a35f15f9dc1db8e0a07de2bf2c54a8e490f/numpy-2.2.0-cp311-cp311-win_amd64.whl", hash = "sha256:16757cf28621e43e252c560d25b15f18a2f11da94fea344bf26c599b9cf54b73", size = 12916677 },
    { url = "https://files.pythonhosted.org/packages/7f/bc/a20dc4e1d051149052762e7647455311865d11c603170c476d1e910a353e/numpy-2.2.0-cp312-cp312-macosx_10_13_x86_64.whl", hash = "sha256:cff210198bb4cae3f3c100444c5eaa573a823f05c253e7188e1362a5555235b3", size = 20909153 },
    { url = "https://files.pythonhosted.org/packages/60/3d/ac4fb63f36db94f4c7db05b45e3ecb3f88f778ca71850664460c78cfde41/numpy-2.2.0-cp312-cp312-macosx_11_0_arm64.whl", hash = "sha256:58b92a5828bd4d9aa0952492b7de803135038de47343b2aa3cc23f3b71a3dc4e", size = 14095021 },
    { url = "https://files.pythonhosted.org/packages/41/6d/a654d519d24e4fcc7a83d4a51209cda086f26cf30722b3d8ffc1aa9b775e/numpy-2.2.0-cp312-cp312-macosx_14_0_arm64.whl", hash = "sha256:ebe5e59545401fbb1b24da76f006ab19734ae71e703cdb4a8b347e84a0cece67", size = 5125491 },
    { url = "https://files.pythonhosted.org/packages/e6/22/fab7e1510a62e5092f4e6507a279020052b89f11d9cfe52af7f52c243b04/numpy-2.2.0-cp312-cp312-macosx_14_0_x86_64.whl", hash = "sha256:e2b8cd48a9942ed3f85b95ca4105c45758438c7ed28fff1e4ce3e57c3b589d8e", size = 6658534 },
    { url = "https://files.pythonhosted.org/packages/fc/29/a3d938ddc5a534cd53df7ab79d20a68db8c67578de1df0ae0118230f5f54/numpy-2.2.0-cp312-cp312-manylinux_2_17_aarch64.manylinux2014_aarch64.whl", hash = "sha256:57fcc997ffc0bef234b8875a54d4058afa92b0b0c4223fc1f62f24b3b5e86038", size = 14046306 },
    { url = "https://files.pythonhosted.org/packages/90/24/d0bbb56abdd8934f30384632e3c2ca1ebfeb5d17e150c6e366ba291de36b/numpy-2.2.0-cp312-cp312-manylinux_2_17_x86_64.manylinux2014_x86_64.whl", hash = "sha256:85ad7d11b309bd132d74397fcf2920933c9d1dc865487128f5c03d580f2c3d03", size = 16095819 },
    { url = "https://files.pythonhosted.org/packages/99/9c/58a673faa9e8a0e77248e782f7a17410cf7259b326265646fd50ed49c4e1/numpy-2.2.0-cp312-cp312-musllinux_1_2_aarch64.whl", hash = "sha256:cb24cca1968b21355cc6f3da1a20cd1cebd8a023e3c5b09b432444617949085a", size = 15243215 },
    { url = "https://files.pythonhosted.org/packages/9c/61/f311693f78cbf635cfb69ce9e1e857ff83937a27d93c96ac5932fd33e330/numpy-2.2.0-cp312-cp312-musllinux_1_2_x86_64.whl", hash = "sha256:0798b138c291d792f8ea40fe3768610f3c7dd2574389e37c3f26573757c8f7ef", size = 17860175 },
    { url = "https://files.pythonhosted.org/packages/11/3e/491c34262cb1fc9dd13a00beb80d755ee0517b17db20e54cac7aa524533e/numpy-2.2.0-cp312-cp312-win32.whl", hash = "sha256:afe8fb968743d40435c3827632fd36c5fbde633b0423da7692e426529b1759b1", size = 6273281 },
    { url = "https://files.pythonhosted.org/packages/89/ea/00537f599eb230771157bc509f6ea5b2dddf05d4b09f9d2f1d7096a18781/numpy-2.2.0-cp312-cp312-win_amd64.whl", hash = "sha256:3a4199f519e57d517ebd48cb76b36c82da0360781c6a0353e64c0cac30ecaad3", size = 12613227 },
    { url = "https://files.pythonhosted.org/packages/bd/4c/0d1eef206545c994289e7a9de21b642880a11e0ed47a2b0c407c688c4f69/numpy-2.2.0-cp313-cp313-macosx_10_13_x86_64.whl", hash = "sha256:f8c8b141ef9699ae777c6278b52c706b653bf15d135d302754f6b2e90eb30367", size = 20895707 },
    { url = "https://files.pythonhosted.org/packages/16/cb/88f6c1e6df83002c421d5f854ccf134aa088aa997af786a5dac3f32ec99b/numpy-2.2.0-cp313-cp313-macosx_11_0_arm64.whl", hash = "sha256:0f0986e917aca18f7a567b812ef7ca9391288e2acb7a4308aa9d265bd724bdae", size = 14110592 },
    { url = "https://files.pythonhosted.org/packages/b4/54/817e6894168a43f33dca74199ba0dd0f1acd99aa6323ed6d323d63d640a2/numpy-2.2.0-cp313-cp313-macosx_14_0_arm64.whl", hash = "sha256:1c92113619f7b272838b8d6702a7f8ebe5edea0df48166c47929611d0b4dea69", size = 5110858 },
    { url = "https://files.pythonhosted.org/packages/c7/99/00d8a1a8eb70425bba7880257ed73fed08d3e8d05da4202fb6b9a81d5ee4/numpy-2.2.0-cp313-cp313-macosx_14_0_x86_64.whl", hash = "sha256:5a145e956b374e72ad1dff82779177d4a3c62bc8248f41b80cb5122e68f22d13", size = 6645143 },
    { url = "https://files.pythonhosted.org/packages/34/86/5b9c2b7c56e7a9d9297a0a4be0b8433f498eba52a8f5892d9132b0f64627/numpy-2.2.0-cp313-cp313-manylinux_2_17_aarch64.manylinux2014_aarch64.whl", hash = "sha256:18142b497d70a34b01642b9feabb70156311b326fdddd875a9981f34a369b671", size = 14042812 },
    { url = "https://files.pythonhosted.org/packages/df/54/13535f74391dbe5f479ceed96f1403267be302c840040700d4fd66688089/numpy-2.2.0-cp313-cp313-manylinux_2_17_x86_64.manylinux2014_x86_64.whl", hash = "sha256:a7d41d1612c1a82b64697e894b75db6758d4f21c3ec069d841e60ebe54b5b571", size = 16093419 },
    { url = "https://files.pythonhosted.org/packages/dd/37/dfb2056842ac61315f225aa56f455da369f5223e4c5a38b91d20da1b628b/numpy-2.2.0-cp313-cp313-musllinux_1_2_aarch64.whl", hash = "sha256:a98f6f20465e7618c83252c02041517bd2f7ea29be5378f09667a8f654a5918d", size = 15238969 },
    { url = "https://files.pythonhosted.org/packages/5a/3d/d20d24ee313992f0b7e7b9d9eef642d9b545d39d5b91c4a2cc8c98776328/numpy-2.2.0-cp313-cp313-musllinux_1_2_x86_64.whl", hash = "sha256:e09d40edfdb4e260cb1567d8ae770ccf3b8b7e9f0d9b5c2a9992696b30ce2742", size = 17855705 },
    { url = "https://files.pythonhosted.org/packages/5b/40/944c9ee264f875a2db6f79380944fd2b5bb9d712bb4a134d11f45ad5b693/numpy-2.2.0-cp313-cp313-win32.whl", hash = "sha256:3905a5fffcc23e597ee4d9fb3fcd209bd658c352657548db7316e810ca80458e", size = 6270078 },
    { url = "https://files.pythonhosted.org/packages/30/04/e1ee6f8b22034302d4c5c24e15782bdedf76d90b90f3874ed0b48525def0/numpy-2.2.0-cp313-cp313-win_amd64.whl", hash = "sha256:a184288538e6ad699cbe6b24859206e38ce5fba28f3bcfa51c90d0502c1582b2", size = 12605791 },
    { url = "https://files.pythonhosted.org/packages/ef/fb/51d458625cd6134d60ac15180ae50995d7d21b0f2f92a6286ae7b0792d19/numpy-2.2.0-cp313-cp313t-macosx_10_13_x86_64.whl", hash = "sha256:7832f9e8eb00be32f15fdfb9a981d6955ea9adc8574c521d48710171b6c55e95", size = 20920160 },
    { url = "https://files.pythonhosted.org/packages/b4/34/162ae0c5d2536ea4be98c813b5161c980f0443cd5765fde16ddfe3450140/numpy-2.2.0-cp313-cp313t-macosx_11_0_arm64.whl", hash = "sha256:f0dd071b95bbca244f4cb7f70b77d2ff3aaaba7fa16dc41f58d14854a6204e6c", size = 14119064 },
    { url = "https://files.pythonhosted.org/packages/17/6c/4195dd0e1c41c55f466d516e17e9e28510f32af76d23061ea3da67438e3c/numpy-2.2.0-cp313-cp313t-macosx_14_0_arm64.whl", hash = "sha256:b0b227dcff8cdc3efbce66d4e50891f04d0a387cce282fe1e66199146a6a8fca", size = 5152778 },
    { url = "https://files.pythonhosted.org/packages/2f/47/ea804ae525832c8d05ed85b560dfd242d34e4bb0962bc269ccaa720fb934/numpy-2.2.0-cp313-cp313t-macosx_14_0_x86_64.whl", hash = "sha256:6ab153263a7c5ccaf6dfe7e53447b74f77789f28ecb278c3b5d49db7ece10d6d", size = 6667605 },
    { url = "https://files.pythonhosted.org/packages/76/99/34d20e50b3d894bb16b5374bfbee399ab8ff3a33bf1e1f0b8acfe7bbd70d/numpy-2.2.0-cp313-cp313t-manylinux_2_17_aarch64.manylinux2014_aarch64.whl", hash = "sha256:e500aba968a48e9019e42c0c199b7ec0696a97fa69037bea163b55398e390529", size = 14013275 },
    { url = "https://files.pythonhosted.org/packages/69/8f/a1df7bd02d434ab82539517d1b98028985700cfc4300bc5496fb140ca648/numpy-2.2.0-cp313-cp313t-manylinux_2_17_x86_64.manylinux2014_x86_64.whl", hash = "sha256:440cfb3db4c5029775803794f8638fbdbf71ec702caf32735f53b008e1eaece3", size = 16074900 },
    { url = "https://files.pythonhosted.org/packages/04/94/b419e7a76bf21a00fcb03c613583f10e389fdc8dfe420412ff5710c8ad3d/numpy-2.2.0-cp313-cp313t-musllinux_1_2_aarch64.whl", hash = "sha256:a55dc7a7f0b6198b07ec0cd445fbb98b05234e8b00c5ac4874a63372ba98d4ab", size = 15219122 },
    { url = "https://files.pythonhosted.org/packages/65/d9/dddf398b2b6c5d750892a207a469c2854a8db0f033edaf72103af8cf05aa/numpy-2.2.0-cp313-cp313t-musllinux_1_2_x86_64.whl", hash = "sha256:4bddbaa30d78c86329b26bd6aaaea06b1e47444da99eddac7bf1e2fab717bd72", size = 17851668 },
    { url = "https://files.pythonhosted.org/packages/d4/dc/09a4e5819a9782a213c0eb4eecacdc1cd75ad8dac99279b04cfccb7eeb0a/numpy-2.2.0-cp313-cp313t-win32.whl", hash = "sha256:30bf971c12e4365153afb31fc73f441d4da157153f3400b82db32d04de1e4066", size = 6325288 },
    { url = "https://files.pythonhosted.org/packages/ce/e1/e0d06ec34036c92b43aef206efe99a5f5f04e12c776eab82a36e00c40afc/numpy-2.2.0-cp313-cp313t-win_amd64.whl", hash = "sha256:d35717333b39d1b6bb8433fa758a55f1081543de527171543a2b710551d40881", size = 12692303 },
    { url = "https://files.pythonhosted.org/packages/f3/18/6d4e1274f221073058b621f4df8050958b7564b24b4fa25be9f1b7639274/numpy-2.2.0-pp310-pypy310_pp73-macosx_10_15_x86_64.whl", hash = "sha256:e12c6c1ce84628c52d6367863773f7c8c8241be554e8b79686e91a43f1733773", size = 21043901 },
    { url = "https://files.pythonhosted.org/packages/19/3e/2b20599e7ead7ae1b89a77bb34f88c5ec12e43fbb320576ed646388d2cb7/numpy-2.2.0-pp310-pypy310_pp73-macosx_14_0_x86_64.whl", hash = "sha256:b6207dc8fb3c8cb5668e885cef9ec7f70189bec4e276f0ff70d5aa078d32c88e", size = 6789122 },
    { url = "https://files.pythonhosted.org/packages/c9/5a/378954132c192fafa6c3d5c160092a427c7562e5bda0cc6ad9cc37008a7a/numpy-2.2.0-pp310-pypy310_pp73-manylinux_2_17_x86_64.manylinux2014_x86_64.whl", hash = "sha256:a50aeff71d0f97b6450d33940c7181b08be1441c6c193e678211bff11aa725e7", size = 16194018 },
    { url = "https://files.pythonhosted.org/packages/67/17/209bda34fc83f3436834392f44643e66dcf3c77465f232102e7f1c7d8eae/numpy-2.2.0-pp310-pypy310_pp73-win_amd64.whl", hash = "sha256:df12a1f99b99f569a7c2ae59aa2d31724e8d835fc7f33e14f4792e3071d11221", size = 12819486 },
]

[[package]]
name = "protobuf"
version = "5.29.1"
source = { registry = "https://pypi.org/simple" }
sdist = { url = "https://files.pythonhosted.org/packages/d2/4f/1639b7b1633d8fd55f216ba01e21bf2c43384ab25ef3ddb35d85a52033e8/protobuf-5.29.1.tar.gz", hash = "sha256:683be02ca21a6ffe80db6dd02c0b5b2892322c59ca57fd6c872d652cb80549cb", size = 424965 }
wheels = [
    { url = "https://files.pythonhosted.org/packages/50/c7/28669b04691a376cf7d0617d612f126aa0fff763d57df0142f9bf474c5b8/protobuf-5.29.1-cp310-abi3-win32.whl", hash = "sha256:22c1f539024241ee545cbcb00ee160ad1877975690b16656ff87dde107b5f110", size = 422706 },
    { url = "https://files.pythonhosted.org/packages/e3/33/dc7a7712f457456b7e0b16420ab8ba1cc8686751d3f28392eb43d0029ab9/protobuf-5.29.1-cp310-abi3-win_amd64.whl", hash = "sha256:1fc55267f086dd4050d18ef839d7bd69300d0d08c2a53ca7df3920cc271a3c34", size = 434505 },
    { url = "https://files.pythonhosted.org/packages/e5/39/44239fb1c6ec557e1731d996a5de89a9eb1ada7a92491fcf9c5d714052ed/protobuf-5.29.1-cp38-abi3-macosx_10_9_universal2.whl", hash = "sha256:d473655e29c0c4bbf8b69e9a8fb54645bc289dead6d753b952e7aa660254ae18", size = 417822 },
    { url = "https://files.pythonhosted.org/packages/fb/4a/ec56f101d38d4bef2959a9750209809242d86cf8b897db00f2f98bfa360e/protobuf-5.29.1-cp38-abi3-manylinux2014_aarch64.whl", hash = "sha256:b5ba1d0e4c8a40ae0496d0e2ecfdbb82e1776928a205106d14ad6985a09ec155", size = 319572 },
    { url = "https://files.pythonhosted.org/packages/04/52/c97c58a33b3d6c89a8138788576d372a90a6556f354799971c6b4d16d871/protobuf-5.29.1-cp38-abi3-manylinux2014_x86_64.whl", hash = "sha256:8ee1461b3af56145aca2800e6a3e2f928108c749ba8feccc6f5dd0062c410c0d", size = 319671 },
    { url = "https://files.pythonhosted.org/packages/3b/24/c8c49df8f6587719e1d400109b16c10c6902d0c9adddc8fff82840146f99/protobuf-5.29.1-py3-none-any.whl", hash = "sha256:32600ddb9c2a53dedc25b8581ea0f1fd8ea04956373c0c07577ce58d312522e0", size = 172547 },
]

[[package]]
name = "setuptools"
version = "75.6.0"
source = { registry = "https://pypi.org/simple" }
sdist = { url = "https://files.pythonhosted.org/packages/43/54/292f26c208734e9a7f067aea4a7e282c080750c4546559b58e2e45413ca0/setuptools-75.6.0.tar.gz", hash = "sha256:8199222558df7c86216af4f84c30e9b34a61d8ba19366cc914424cdbd28252f6", size = 1337429 }
wheels = [
    { url = "https://files.pythonhosted.org/packages/55/21/47d163f615df1d30c094f6c8bbb353619274edccf0327b185cc2493c2c33/setuptools-75.6.0-py3-none-any.whl", hash = "sha256:ce74b49e8f7110f9bf04883b730f4765b774ef3ef28f722cce7c273d253aaf7d", size = 1224032 },
]
