version = 1
requires-python = ">=3.10"

[[package]]
name = "grpcio"
version = "1.68.1"
source = { registry = "https://pypi.org/simple" }
sdist = { url = "https://files.pythonhosted.org/packages/91/ec/b76ff6d86bdfd1737a5ec889394b54c18b1ec3832d91041e25023fbcb67d/grpcio-1.68.1.tar.gz", hash = "sha256:44a8502dd5de653ae6a73e2de50a401d84184f0331d0ac3daeb044e66d5c5054", size = 12694654 }
wheels = [
    { url = "https://files.pythonhosted.org/packages/f5/88/d1ac9676a0809e3efec154d45246474ec12a4941686da71ffb3d34190294/grpcio-1.68.1-cp310-cp310-linux_armv7l.whl", hash = "sha256:d35740e3f45f60f3c37b1e6f2f4702c23867b9ce21c6410254c9c682237da68d", size = 5171054 },
    { url = "https://files.pythonhosted.org/packages/ec/cb/94ca41e100201fee8876a4b44d64e43ac7405929909afe1fa943d65b25ef/grpcio-1.68.1-cp310-cp310-macosx_12_0_universal2.whl", hash = "sha256:d99abcd61760ebb34bdff37e5a3ba333c5cc09feda8c1ad42547bea0416ada78", size = 11078566 },
    { url = "https://files.pythonhosted.org/packages/d5/b0/ad4c66f2e3181b4eab99885686c960c403ae2300bacfe427526282facc07/grpcio-1.68.1-cp310-cp310-manylinux_2_17_aarch64.whl", hash = "sha256:f8261fa2a5f679abeb2a0a93ad056d765cdca1c47745eda3f2d87f874ff4b8c9", size = 5690039 },
    { url = "https://files.pythonhosted.org/packages/67/1e/f5d3410674d021831c9fef2d1d7ca2357b08d09c840ad4e054ea8ffc302e/grpcio-1.68.1-cp310-cp310-manylinux_2_17_i686.manylinux2014_i686.whl", hash = "sha256:0feb02205a27caca128627bd1df4ee7212db051019a9afa76f4bb6a1a80ca95e", size = 6317470 },
    { url = "https://files.pythonhosted.org/packages/91/93/701d5f33b163a621c8f2d4453f9e22f6c14e996baed54118d0dea93fc8c7/grpcio-1.68.1-cp310-cp310-manylinux_2_17_x86_64.manylinux2014_x86_64.whl", hash = "sha256:919d7f18f63bcad3a0f81146188e90274fde800a94e35d42ffe9eadf6a9a6330", size = 5941884 },
    { url = "https://files.pythonhosted.org/packages/67/44/06917ffaa35ca463b93dde60f324015fe4192312b0f4dd0faec061e7ca7f/grpcio-1.68.1-cp310-cp310-musllinux_1_1_i686.whl", hash = "sha256:963cc8d7d79b12c56008aabd8b457f400952dbea8997dd185f155e2f228db079", size = 6646332 },
    { url = "https://files.pythonhosted.org/packages/d4/94/074db039532687ec8ef07ebbcc747c46547c94329016e22b97d97b9e5f3b/grpcio-1.68.1-cp310-cp310-musllinux_1_1_x86_64.whl", hash = "sha256:ccf2ebd2de2d6661e2520dae293298a3803a98ebfc099275f113ce1f6c2a80f1", size = 6212515 },
    { url = "https://files.pythonhosted.org/packages/c5/f2/0c939264c36c6038fae1732a2a3e01a7075ba171a2154d86842ee0ac9b0a/grpcio-1.68.1-cp310-cp310-win32.whl", hash = "sha256:2cc1fd04af8399971bcd4f43bd98c22d01029ea2e56e69c34daf2bf8470e47f5", size = 3650459 },
    { url = "https://files.pythonhosted.org/packages/b6/90/b0e9278e88f747879d13b79fb893c9acb381fb90541ad9e416c7816c5eaf/grpcio-1.68.1-cp310-cp310-win_amd64.whl", hash = "sha256:ee2e743e51cb964b4975de572aa8fb95b633f496f9fcb5e257893df3be854746", size = 4399144 },
    { url = "https://files.pythonhosted.org/packages/fe/0d/fde5a5777d65696c39bb3e622fe1239dd0a878589bf6c5066980e7d19154/grpcio-1.68.1-cp311-cp311-linux_armv7l.whl", hash = "sha256:55857c71641064f01ff0541a1776bfe04a59db5558e82897d35a7793e525774c", size = 5180919 },
    { url = "https://files.pythonhosted.org/packages/07/fd/e5fa75b5ddf5d9f16606196973f9c2b4b1adf5a1735117eb7129fc33d2ec/grpcio-1.68.1-cp311-cp311-macosx_10_9_universal2.whl", hash = "sha256:4b177f5547f1b995826ef529d2eef89cca2f830dd8b2c99ffd5fde4da734ba73", size = 11150922 },
    { url = "https://files.pythonhosted.org/packages/86/1e/aaf5a1dae87fe47f277c5a1be72b31d2c209d095bebb0ce1d2df5cb8779c/grpcio-1.68.1-cp311-cp311-manylinux_2_17_aarch64.whl", hash = "sha256:3522c77d7e6606d6665ec8d50e867f13f946a4e00c7df46768f1c85089eae515", size = 5685685 },
    { url = "https://files.pythonhosted.org/packages/a9/69/c4fdf87d5c5696207e2ed232e4bdde656d8c99ba91f361927f3f06aa41ca/grpcio-1.68.1-cp311-cp311-manylinux_2_17_i686.manylinux2014_i686.whl", hash = "sha256:9d1fae6bbf0816415b81db1e82fb3bf56f7857273c84dcbe68cbe046e58e1ccd", size = 6316535 },
    { url = "https://files.pythonhosted.org/packages/6f/c6/539660516ea7db7bc3d39e07154512ae807961b14ec6b5b0c58d15657ff1/grpcio-1.68.1-cp311-cp311-manylinux_2_17_x86_64.manylinux2014_x86_64.whl", hash = "sha256:298ee7f80e26f9483f0b6f94cc0a046caf54400a11b644713bb5b3d8eb387600", size = 5939920 },
    { url = "https://files.pythonhosted.org/packages/38/f3/97a74dc4dd95bf195168d6da2ca4731ab7d3d0b03078f2833b4ff9c4f48f/grpcio-1.68.1-cp311-cp311-musllinux_1_1_i686.whl", hash = "sha256:cbb5780e2e740b6b4f2d208e90453591036ff80c02cc605fea1af8e6fc6b1bbe", size = 6644770 },
    { url = "https://files.pythonhosted.org/packages/cb/36/79a5e04073e58106aff442509a0c459151fa4f43202395db3eb8f77b78e9/grpcio-1.68.1-cp311-cp311-musllinux_1_1_x86_64.whl", hash = "sha256:ddda1aa22495d8acd9dfbafff2866438d12faec4d024ebc2e656784d96328ad0", size = 6211743 },
    { url = "https://files.pythonhosted.org/packages/73/0f/2250f4a0de1a0bec0726c47a021cbf71af6105f512ecaf67703e2eb1ad2f/grpcio-1.68.1-cp311-cp311-win32.whl", hash = "sha256:b33bd114fa5a83f03ec6b7b262ef9f5cac549d4126f1dc702078767b10c46ed9", size = 3650734 },
    { url = "https://files.pythonhosted.org/packages/4b/29/061c93a35f498238dc35eb8fb039ce168aa99cac2f0f1ce0c8a0a4bdb274/grpcio-1.68.1-cp311-cp311-win_amd64.whl", hash = "sha256:7f20ebec257af55694d8f993e162ddf0d36bd82d4e57f74b31c67b3c6d63d8b2", size = 4400816 },
    { url = "https://files.pythonhosted.org/packages/f5/15/674a1468fef234fa996989509bbdfc0d695878cbb385b9271f5d690d5cd3/grpcio-1.68.1-cp312-cp312-linux_armv7l.whl", hash = "sha256:8829924fffb25386995a31998ccbbeaa7367223e647e0122043dfc485a87c666", size = 5148351 },
    { url = "https://files.pythonhosted.org/packages/62/f5/edce368682d6d0b3573b883b134df022a44b1c888ea416dd7d78d480ab24/grpcio-1.68.1-cp312-cp312-macosx_10_9_universal2.whl", hash = "sha256:3aed6544e4d523cd6b3119b0916cef3d15ef2da51e088211e4d1eb91a6c7f4f1", size = 11127559 },
    { url = "https://files.pythonhosted.org/packages/ce/14/a6fde3114eafd9e4e345d1ebd0291c544d83b22f0554b1678a2968ae39e1/grpcio-1.68.1-cp312-cp312-manylinux_2_17_aarch64.whl", hash = "sha256:4efac5481c696d5cb124ff1c119a78bddbfdd13fc499e3bc0ca81e95fc573684", size = 5645221 },
    { url = "https://files.pythonhosted.org/packages/21/21/d1865bd6a22f9a26217e4e1b35f9105f7a0cdfb7a5fffe8be48e1a1afafc/grpcio-1.68.1-cp312-cp312-manylinux_2_17_i686.manylinux2014_i686.whl", hash = "sha256:6ab2d912ca39c51f46baf2a0d92aa265aa96b2443266fc50d234fa88bf877d8e", size = 6292270 },
    { url = "https://files.pythonhosted.org/packages/3a/f6/19798be6c3515a7b1fb9570198c91710472e2eb21f1900109a76834829e3/grpcio-1.68.1-cp312-cp312-manylinux_2_17_x86_64.manylinux2014_x86_64.whl", hash = "sha256:95c87ce2a97434dffe7327a4071839ab8e8bffd0054cc74cbe971fba98aedd60", size = 5905978 },
    { url = "https://files.pythonhosted.org/packages/9b/43/c3670a657445cd55be1246f64dbc3a6a33cab0f0141c5836df2e04f794c8/grpcio-1.68.1-cp312-cp312-musllinux_1_1_i686.whl", hash = "sha256:e4842e4872ae4ae0f5497bf60a0498fa778c192cc7a9e87877abd2814aca9475", size = 6630444 },
    { url = "https://files.pythonhosted.org/packages/80/69/fbbebccffd266bea4268b685f3e8e03613405caba69e93125dc783036465/grpcio-1.68.1-cp312-cp312-musllinux_1_1_x86_64.whl", hash = "sha256:255b1635b0ed81e9f91da4fcc8d43b7ea5520090b9a9ad9340d147066d1d3613", size = 6200324 },
    { url = "https://files.pythonhosted.org/packages/65/5c/27a26c21916f94f0c1585111974a5d5a41d8420dcb42c2717ee514c97a97/grpcio-1.68.1-cp312-cp312-win32.whl", hash = "sha256:7dfc914cc31c906297b30463dde0b9be48e36939575eaf2a0a22a8096e69afe5", size = 3638381 },
    { url = "https://files.pythonhosted.org/packages/a3/ba/ba6b65ccc93c7df1031c6b41e45b79a5a37e46b81d816bb3ea68ba476d77/grpcio-1.68.1-cp312-cp312-win_amd64.whl", hash = "sha256:a0c8ddabef9c8f41617f213e527254c41e8b96ea9d387c632af878d05db9229c", size = 4389959 },
    { url = "https://files.pythonhosted.org/packages/37/1a/15ccc08da339a5536690e6f877963422a5abf3f6dfeed96b3175f5c816b9/grpcio-1.68.1-cp313-cp313-linux_armv7l.whl", hash = "sha256:a47faedc9ea2e7a3b6569795c040aae5895a19dde0c728a48d3c5d7995fda385", size = 5149822 },
    { url = "https://files.pythonhosted.org/packages/bc/fe/91bb4b160cd251d5b5ee722e6342355f76d1ffe176c50a6ef0e8256fbb47/grpcio-1.68.1-cp313-cp313-macosx_10_13_universal2.whl", hash = "sha256:390eee4225a661c5cd133c09f5da1ee3c84498dc265fd292a6912b65c421c78c", size = 11085016 },
    { url = "https://files.pythonhosted.org/packages/55/2d/0bb2478410f5896da1090b9f43c2979dd72e7e97d10bc223bfbdddcf8eca/grpcio-1.68.1-cp313-cp313-manylinux_2_17_aarch64.whl", hash = "sha256:66a24f3d45c33550703f0abb8b656515b0ab777970fa275693a2f6dc8e35f1c1", size = 5645634 },
    { url = "https://files.pythonhosted.org/packages/f5/6c/e2d22d963b695f87a09965246beb1c3224b09ffc666fc0b285820926499a/grpcio-1.68.1-cp313-cp313-manylinux_2_17_i686.manylinux2014_i686.whl", hash = "sha256:c08079b4934b0bf0a8847f42c197b1d12cba6495a3d43febd7e99ecd1cdc8d54", size = 6291096 },
    { url = "https://files.pythonhosted.org/packages/6f/f6/21d9204e2c4c0804ad72be8c830c44f0e1355e649c173f87508b7f0e5488/grpcio-1.68.1-cp313-cp313-manylinux_2_17_x86_64.manylinux2014_x86_64.whl", hash = "sha256:8720c25cd9ac25dd04ee02b69256d0ce35bf8a0f29e20577427355272230965a", size = 5906528 },
    { url = "https://files.pythonhosted.org/packages/39/2a/bf6ae4fef13755ca236d587d630b82207cfad43cf956870adead97fd1ef1/grpcio-1.68.1-cp313-cp313-musllinux_1_1_i686.whl", hash = "sha256:04cfd68bf4f38f5bb959ee2361a7546916bd9a50f78617a346b3aeb2b42e2161", size = 6634215 },
    { url = "https://files.pythonhosted.org/packages/5b/83/9c96a6adfbea5e8a9ed408410c0259942713be64173b8816c7bf6ac2d830/grpcio-1.68.1-cp313-cp313-musllinux_1_1_x86_64.whl", hash = "sha256:c28848761a6520c5c6071d2904a18d339a796ebe6b800adc8b3f474c5ce3c3ad", size = 6200750 },
    { url = "https://files.pythonhosted.org/packages/b4/3e/af42f87759c6301c4fed894b3dd801b13162ba1d8e2942412e788ac749eb/grpcio-1.68.1-cp313-cp313-win32.whl", hash = "sha256:77d65165fc35cff6e954e7fd4229e05ec76102d4406d4576528d3a3635fc6172", size = 3637594 },
    { url = "https://files.pythonhosted.org/packages/7e/d1/3bef33a3d5d26d4ea9284e1b464f481d6d21ed8ae1c3da381b05f62c701d/grpcio-1.68.1-cp313-cp313-win_amd64.whl", hash = "sha256:a8040f85dcb9830d8bbb033ae66d272614cec6faceee88d37a88a9bd1a7a704e", size = 4391184 },
]

[[package]]
name = "grpcio-tools"
version = "1.66.1"
source = { registry = "https://pypi.org/simple" }
dependencies = [
    { name = "grpcio" },
    { name = "protobuf" },
    { name = "setuptools" },
]
sdist = { url = "https://files.pythonhosted.org/packages/a0/0a/525e16d71c301a86295efd3ff4c0967b27c0df43bea8679b509a9871f081/grpcio_tools-1.66.1.tar.gz", hash = "sha256:5055ffe840ea8f505c30378be02afb4dbecb33480e554debe10b63d6b2f641c3", size = 5134197 }
wheels = [
    { url = "https://files.pythonhosted.org/packages/6b/c1/0d5a8a96795e20ff3a14326fc42593b421baecfe5017ac7c49eb06239c76/grpcio_tools-1.66.1-cp310-cp310-linux_armv7l.whl", hash = "sha256:e0c71405399ef59782600b1f0bdebc69ba12d7c9527cd268162a86273971d294", size = 2302845 },
    { url = "https://files.pythonhosted.org/packages/87/9d/c33423e466424e372079f4acfe93fa57e88c6a4eee6f6c55335b507343cd/grpcio_tools-1.66.1-cp310-cp310-macosx_12_0_universal2.whl", hash = "sha256:df1a174a6f9d3b4c380f005f33352d2e95464f33f021fb08084735a2eb6e23b1", size = 5489340 },
    { url = "https://files.pythonhosted.org/packages/86/f6/03c544e1b652e275126fda75039a2b8a18f726579112f877da92cfff454e/grpcio_tools-1.66.1-cp310-cp310-manylinux_2_17_aarch64.whl", hash = "sha256:7d789bfe53fce9e87aa80c3694a366258ce4c41b706258e9228ed4994832b780", size = 2276101 },
    { url = "https://files.pythonhosted.org/packages/4b/cb/9fb6fd0908e5710a023aef6ead1e5ebfdb1235d1005b5bfda83905cefe32/grpcio_tools-1.66.1-cp310-cp310-manylinux_2_17_i686.manylinux2014_i686.whl", hash = "sha256:95c44a265ff01fd05166edae9350bc2e7d1d9a95e8f53b8cd04d2ae0a588c583", size = 2612964 },
    { url = "https://files.pythonhosted.org/packages/30/5c/445418ac0a41963166f83bb1e24bb960e9b7aa7493047504334bd1ac3c08/grpcio_tools-1.66.1-cp310-cp310-manylinux_2_17_x86_64.manylinux2014_x86_64.whl", hash = "sha256:b962a8767c3c0f9afe92e0dd6bb0b2305d35195a1053f84d4d31f585b87557ed", size = 2409092 },
    { url = "https://files.pythonhosted.org/packages/29/84/15fbc48dc97cef75f70668de8b351359dbc5ac177c275bb4cb0de1ca9326/grpcio_tools-1.66.1-cp310-cp310-musllinux_1_1_i686.whl", hash = "sha256:d8616773126ec3cdf747b06a12e957b43ac15c34e4728def91fa67249a7c689a", size = 3220091 },
    { url = "https://files.pythonhosted.org/packages/f7/32/5e7bd6e0ee3ef15edc2fe3e554359cd8b655b64f60e0ec1a265fd6263727/grpcio_tools-1.66.1-cp310-cp310-musllinux_1_1_x86_64.whl", hash = "sha256:0067e79b6001560ac6acc78cca11fd3504fa27f8af46e3cdbac2f4998505e597", size = 2860835 },
    { url = "https://files.pythonhosted.org/packages/de/97/a3fe4de75a40b7860e9153d3c5808d0afbc0bc1361179c353e08a67a3e4c/grpcio_tools-1.66.1-cp310-cp310-win32.whl", hash = "sha256:fa4f95a79a34afc3b5464895d091cd1911227fc3ab0441b9a37cd1817cf7db86", size = 940450 },
    { url = "https://files.pythonhosted.org/packages/d6/be/e964734e7abb70a25c62d91a37a4e3188d338fbc2aa4a38299d205eb3986/grpcio_tools-1.66.1-cp310-cp310-win_amd64.whl", hash = "sha256:3acce426f5e643de63019311171f4d31131da8149de518716a95c29a2c12dd38", size = 1090457 },
    { url = "https://files.pythonhosted.org/packages/c9/9d/8e968ada74857f778d778bf5531eeb260d49dfd6cd2e23fb99b441ca5c7e/grpcio_tools-1.66.1-cp311-cp311-linux_armv7l.whl", hash = "sha256:9a07e24feb7472419cf70ebbb38dd4299aea696f91f191b62a99b3ee9ff03f89", size = 2303056 },
    { url = "https://files.pythonhosted.org/packages/15/c4/eed4e099488f61ef2074b9734f1df7aba43903043eb975c272d597ec1f63/grpcio_tools-1.66.1-cp311-cp311-macosx_10_9_universal2.whl", hash = "sha256:097a069e7c640043921ecaf3e88d7af78ccd40c25dbddc91db2a4a2adbd0393d", size = 5517039 },
    { url = "https://files.pythonhosted.org/packages/81/6a/a5756b285eff382b577328c30b78932b8c9c78b930f0578c2c1aac18dbe7/grpcio_tools-1.66.1-cp311-cp311-manylinux_2_17_aarch64.whl", hash = "sha256:016fa273dc696c9d8045091ac50e000bce766183a6b150801f51c2946e33dbe3", size = 2276224 },
    { url = "https://files.pythonhosted.org/packages/be/ac/38bf3da34327e17c44268d41a2ce6cda7ea0ad1b156d511101ad1800764b/grpcio_tools-1.66.1-cp311-cp311-manylinux_2_17_i686.manylinux2014_i686.whl", hash = "sha256:1ec9f4f964f8e8ed5e9cc13deb678c83d5597074c256805373220627833bc5ad", size = 2613326 },
    { url = "https://files.pythonhosted.org/packages/ad/5c/8a0f316ccbc43bc255fdd607bd6b3036a678b62e061786a951ee5d51c297/grpcio_tools-1.66.1-cp311-cp311-manylinux_2_17_x86_64.manylinux2014_x86_64.whl", hash = "sha256:3198815814cdd12bdb69b7580d7770a4ad4c8b2093e0bd6b987bc817618e3eec", size = 2409744 },
    { url = "https://files.pythonhosted.org/packages/d5/60/ce488ebb9629cf35c39156736aa6f146b527e5b7dfc420e1e3418ef66363/grpcio_tools-1.66.1-cp311-cp311-musllinux_1_1_i686.whl", hash = "sha256:796620fc41d3fbb566d9614ef22bc55df67fac1f1e19c1e0fb6ec48bc9b6a44b", size = 3220212 },
    { url = "https://files.pythonhosted.org/packages/a2/4f/695850d609c9017e146db72de3fd1137a7d6eed9352afa8c31622bc5a655/grpcio_tools-1.66.1-cp311-cp311-musllinux_1_1_x86_64.whl", hash = "sha256:222d8dc218560698e1abf652fb47e4015994ec7a265ef46e012fd9c9e77a4d6b", size = 2861330 },
    { url = "https://files.pythonhosted.org/packages/b6/62/a2d65cdd09e7f53bf4c0425b901930c8b288afe189c6fb3b6526a0a3eb6b/grpcio_tools-1.66.1-cp311-cp311-win32.whl", hash = "sha256:56e17a11f34df252b4c6fb8aa8cd7b44d162dba9f3333be87ddf7c8bf496622a", size = 940198 },
    { url = "https://files.pythonhosted.org/packages/1d/57/406f509cf87120cce56b90421e564669b09c9ea9bff8e29f501d5eb5a6e5/grpcio_tools-1.66.1-cp311-cp311-win_amd64.whl", hash = "sha256:edd52d667f2aa3c73233be0a821596937f24536647c12d96bfc54aa4cb04747d", size = 1090401 },
    { url = "https://files.pythonhosted.org/packages/4e/56/aca08b9c6b9ee8993a813ce1f368cbc6727b1ad07c310187577043f67cc2/grpcio_tools-1.66.1-cp312-cp312-linux_armv7l.whl", hash = "sha256:869b6960d5daffda0dac1a474b44144f0dace0d4336394e499c4f400c5e2f8d9", size = 2303738 },
    { url = "https://files.pythonhosted.org/packages/3f/57/ac174f49b53575144eff321aa50154258772d0b38cbed0ea43013cfe81b2/grpcio_tools-1.66.1-cp312-cp312-macosx_10_9_universal2.whl", hash = "sha256:68d9390bf9ba863ac147fc722d6548caa587235e887cac1bc2438212e89d1de7", size = 5517167 },
    { url = "https://files.pythonhosted.org/packages/4e/ef/076a7d8c001822748badfbecbc3aae4952d27c96ad3a9ec2a29d4f9b6597/grpcio_tools-1.66.1-cp312-cp312-manylinux_2_17_aarch64.whl", hash = "sha256:b8660401beca7e3af28722439e07b0bcdca80b4a68f5a5a1138ae7b7780a6abf", size = 2277387 },
    { url = "https://files.pythonhosted.org/packages/2b/3d/aee7ced9a7fe03d89614d1c3d4329196cf19f53a500a74a95f30ecd4a8db/grpcio_tools-1.66.1-cp312-cp312-manylinux_2_17_i686.manylinux2014_i686.whl", hash = "sha256:eb67b9aa9cd69468bceb933e8e0f89fd13695746c018c4d2e6b3b84e73f3ad97", size = 2614664 },
    { url = "https://files.pythonhosted.org/packages/f2/5b/301454bf271387d7b9ae0d558c378439f2b04348454a078ef643053ea927/grpcio_tools-1.66.1-cp312-cp312-manylinux_2_17_x86_64.manylinux2014_x86_64.whl", hash = "sha256:5daceb9716e31edc0e1ba0f93303785211438c43502edddad7a919fc4cb3d664", size = 2410380 },
    { url = "https://files.pythonhosted.org/packages/c6/9a/9e4aade28086132bd98ab0b211e20212fb13083804a5d27ddf48db488f7d/grpcio_tools-1.66.1-cp312-cp312-musllinux_1_1_i686.whl", hash = "sha256:0a86398a4cd0665bc7f09fa90b89bac592c959d2c895bf3cf5d47a98c0f2d24c", size = 3220769 },
    { url = "https://files.pythonhosted.org/packages/4c/94/f9ba40533343ba41b9e30dffd0b6aeec547899d96e2abe0d38d9de0e5b66/grpcio_tools-1.66.1-cp312-cp312-musllinux_1_1_x86_64.whl", hash = "sha256:1b4acb53338072ab3023e418a5c7059cb15686abd1607516fa1453406dd5f69d", size = 2862020 },
    { url = "https://files.pythonhosted.org/packages/c2/fc/56363d3f3104db397133a17ee89fc28b3e3336d5b1d828ac9a8ef7de0739/grpcio_tools-1.66.1-cp312-cp312-win32.whl", hash = "sha256:88e04b7546101bc79c868c941777efd5088063a9e4f03b4d7263dde796fbabf7", size = 939849 },
    { url = "https://files.pythonhosted.org/packages/54/72/3d22a6e543971f74afe5a98c6eeb056f14d901c3b47bae6bc10733649c16/grpcio_tools-1.66.1-cp312-cp312-win_amd64.whl", hash = "sha256:5b4fc56abeafae74140f5da29af1093e88ce64811d77f1a81c3146e9e996fb6a", size = 1089734 },
]

[[package]]
name = "kachaka-api-gen-proto"
version = "0.1.0"
source = { virtual = "." }
dependencies = [
    { name = "grpcio-tools" },
]

[package.metadata]
requires-dist = [{ name = "grpcio-tools", specifier = "==1.66.1" }]

[[package]]
name = "protobuf"
version = "5.29.1"
source = { registry = "https://pypi.org/simple" }
sdist = { url = "https://files.pythonhosted.org/packages/d2/4f/1639b7b1633d8fd55f216ba01e21bf2c43384ab25ef3ddb35d85a52033e8/protobuf-5.29.1.tar.gz", hash = "sha256:683be02ca21a6ffe80db6dd02c0b5b2892322c59ca57fd6c872d652cb80549cb", size = 424965 }
wheels = [
    { url = "https://files.pythonhosted.org/packages/50/c7/28669b04691a376cf7d0617d612f126aa0fff763d57df0142f9bf474c5b8/protobuf-5.29.1-cp310-abi3-win32.whl", hash = "sha256:22c1f539024241ee545cbcb00ee160ad1877975690b16656ff87dde107b5f110", size = 422706 },
    { url = "https://files.pythonhosted.org/packages/e3/33/dc7a7712f457456b7e0b16420ab8ba1cc8686751d3f28392eb43d0029ab9/protobuf-5.29.1-cp310-abi3-win_amd64.whl", hash = "sha256:1fc55267f086dd4050d18ef839d7bd69300d0d08c2a53ca7df3920cc271a3c34", size = 434505 },
    { url = "https://files.pythonhosted.org/packages/e5/39/44239fb1c6ec557e1731d996a5de89a9eb1ada7a92491fcf9c5d714052ed/protobuf-5.29.1-cp38-abi3-macosx_10_9_universal2.whl", hash = "sha256:d473655e29c0c4bbf8b69e9a8fb54645bc289dead6d753b952e7aa660254ae18", size = 417822 },
    { url = "https://files.pythonhosted.org/packages/fb/4a/ec56f101d38d4bef2959a9750209809242d86cf8b897db00f2f98bfa360e/protobuf-5.29.1-cp38-abi3-manylinux2014_aarch64.whl", hash = "sha256:b5ba1d0e4c8a40ae0496d0e2ecfdbb82e1776928a205106d14ad6985a09ec155", size = 319572 },
    { url = "https://files.pythonhosted.org/packages/04/52/c97c58a33b3d6c89a8138788576d372a90a6556f354799971c6b4d16d871/protobuf-5.29.1-cp38-abi3-manylinux2014_x86_64.whl", hash = "sha256:8ee1461b3af56145aca2800e6a3e2f928108c749ba8feccc6f5dd0062c410c0d", size = 319671 },
    { url = "https://files.pythonhosted.org/packages/3b/24/c8c49df8f6587719e1d400109b16c10c6902d0c9adddc8fff82840146f99/protobuf-5.29.1-py3-none-any.whl", hash = "sha256:32600ddb9c2a53dedc25b8581ea0f1fd8ea04956373c0c07577ce58d312522e0", size = 172547 },
]

[[package]]
name = "setuptools"
version = "75.6.0"
source = { registry = "https://pypi.org/simple" }
sdist = { url = "https://files.pythonhosted.org/packages/43/54/292f26c208734e9a7f067aea4a7e282c080750c4546559b58e2e45413ca0/setuptools-75.6.0.tar.gz", hash = "sha256:8199222558df7c86216af4f84c30e9b34a61d8ba19366cc914424cdbd28252f6", size = 1337429 }
wheels = [
    { url = "https://files.pythonhosted.org/packages/55/21/47d163f615df1d30c094f6c8bbb353619274edccf0327b185cc2493c2c33/setuptools-75.6.0-py3-none-any.whl", hash = "sha256:ce74b49e8f7110f9bf04883b730f4765b774ef3ef28f722cce7c273d253aaf7d", size = 1224032 },
]
